// !$*UTF8*$!
{
	archiveVersion = 1;
	classes = {
	};
	objectVersion = 46;
	objects = {

/* Begin PBXBuildFile section */
		A10D832D19D5EBBE00314284 /* BBUDragHintView.m in Sources */ = {isa = PBXBuildFile; fileRef = A10D832C19D5EBBE00314284 /* BBUDragHintView.m */; };
		A13A44B119EBC457008DE506 /* contentful_logo_big.png in Resources */ = {isa = PBXBuildFile; fileRef = A1D10C2719B5C23F009CA6CA /* contentful_logo_big.png */; };
		A13A44B419EBC4FF008DE506 /* BBUFileInformation.m in Sources */ = {isa = PBXBuildFile; fileRef = A13A44B319EBC4FF008DE506 /* BBUFileInformation.m */; };
		A14BDCA519D36E29008B8E7B /* BBUAppStyle.m in Sources */ = {isa = PBXBuildFile; fileRef = A14BDCA419D36E29008B8E7B /* BBUAppStyle.m */; };
		A15A61C019A222AA006B1551 /* BBUDraggedFile.m in Sources */ = {isa = PBXBuildFile; fileRef = A15A61BF19A222AA006B1551 /* BBUDraggedFile.m */; };
		A15A61C319A23105006B1551 /* NSView+Geometry.m in Sources */ = {isa = PBXBuildFile; fileRef = A15A61C219A23105006B1551 /* NSView+Geometry.m */; };
		A15A61C619A23E9E006B1551 /* CMAClient+SharedClient.m in Sources */ = {isa = PBXBuildFile; fileRef = A15A61C519A23E9E006B1551 /* CMAClient+SharedClient.m */; };
		A16E72AB19D5E8E900D82C93 /* Check.png in Resources */ = {isa = PBXBuildFile; fileRef = A16E72A419D5E8E900D82C93 /* Check.png */; };
		A16E72AC19D5E8E900D82C93 /* Check@2x.png in Resources */ = {isa = PBXBuildFile; fileRef = A16E72A519D5E8E900D82C93 /* Check@2x.png */; };
		A16E72AD19D5E8E900D82C93 /* close@2x.png in Resources */ = {isa = PBXBuildFile; fileRef = A16E72A619D5E8E900D82C93 /* close@2x.png */; };
		A16E72AE19D5E8E900D82C93 /* cloud@2x.png in Resources */ = {isa = PBXBuildFile; fileRef = A16E72A719D5E8E900D82C93 /* cloud@2x.png */; };
		A16E72AF19D5E8E900D82C93 /* Line@2x.png in Resources */ = {isa = PBXBuildFile; fileRef = A16E72A819D5E8E900D82C93 /* Line@2x.png */; };
		A16E72B019D5E8E900D82C93 /* Logo@2x.png in Resources */ = {isa = PBXBuildFile; fileRef = A16E72A919D5E8E900D82C93 /* Logo@2x.png */; };
		A16E72B119D5E8E900D82C93 /* Rectangle 20@2x.png in Resources */ = {isa = PBXBuildFile; fileRef = A16E72AA19D5E8E900D82C93 /* Rectangle 20@2x.png */; };
		A19469C619E8372900766AF0 /* AssetInfoPersistenceTest.m in Sources */ = {isa = PBXBuildFile; fileRef = A19469C519E8372900766AF0 /* AssetInfoPersistenceTest.m */; };
		A19FB0D419A3445500A5659C /* BBUMenuViewController.m in Sources */ = {isa = PBXBuildFile; fileRef = A19FB0D319A3445500A5659C /* BBUMenuViewController.m */; };
		A19FB0D719A347BE00A5659C /* BBUMenuCell.m in Sources */ = {isa = PBXBuildFile; fileRef = A19FB0D619A347BE00A5659C /* BBUMenuCell.m */; };
		A1CA18A619D993D6001888AC /* BBUDraggedFileFormatter.m in Sources */ = {isa = PBXBuildFile; fileRef = A1CA18A519D993D6001888AC /* BBUDraggedFileFormatter.m */; };
		A1CA2AAA19D9B1C700635092 /* BBUConfirmationFooter.m in Sources */ = {isa = PBXBuildFile; fileRef = A1CA2AA919D9B1C700635092 /* BBUConfirmationFooter.m */; };
		A1CCBD8219BF259300878BF9 /* BBUS3SettingsViewController.m in Sources */ = {isa = PBXBuildFile; fileRef = A1CCBD8019BF259300878BF9 /* BBUS3SettingsViewController.m */; };
		A1CCBD8319BF259300878BF9 /* BBUS3SettingsViewController.xib in Resources */ = {isa = PBXBuildFile; fileRef = A1CCBD8119BF259300878BF9 /* BBUS3SettingsViewController.xib */; };
		A1CFC35C19D95CB0003F2EF9 /* Failed.png in Resources */ = {isa = PBXBuildFile; fileRef = A1CFC35A19D95CB0003F2EF9 /* Failed.png */; };
		A1CFC35D19D95CB0003F2EF9 /* Failed@2x.png in Resources */ = {isa = PBXBuildFile; fileRef = A1CFC35B19D95CB0003F2EF9 /* Failed@2x.png */; };
		A1CFF4D619E144FC002CB57C /* BBULoginController.m in Sources */ = {isa = PBXBuildFile; fileRef = A1CFF4D419E144FC002CB57C /* BBULoginController.m */; };
		A1CFF4D719E144FC002CB57C /* BBULoginController.xib in Resources */ = {isa = PBXBuildFile; fileRef = A1CFF4D519E144FC002CB57C /* BBULoginController.xib */; };
		A1D01CEC19D4367000EB9531 /* BBUHeaderView.m in Sources */ = {isa = PBXBuildFile; fileRef = A1D01CEB19D4367000EB9531 /* BBUHeaderView.m */; };
		A1D01CEF19D43EE300EB9531 /* close.png in Resources */ = {isa = PBXBuildFile; fileRef = A1D01CED19D43EE300EB9531 /* close.png */; };
		A1D01CF019D43EE300EB9531 /* Line.png in Resources */ = {isa = PBXBuildFile; fileRef = A1D01CEE19D43EE300EB9531 /* Line.png */; };
		A1D10C2819B5C23F009CA6CA /* contentful_logo_big.png in Resources */ = {isa = PBXBuildFile; fileRef = A1D10C2719B5C23F009CA6CA /* contentful_logo_big.png */; };
		A1D49CE719E041690083B816 /* NSButton+Contentful.m in Sources */ = {isa = PBXBuildFile; fileRef = A1D49CE619E041690083B816 /* NSButton+Contentful.m */; };
		A1D4A7E2199BED850021EEA6 /* Cocoa.framework in Frameworks */ = {isa = PBXBuildFile; fileRef = A1D4A7E1199BED850021EEA6 /* Cocoa.framework */; };
		A1D4A7EE199BED850021EEA6 /* main.m in Sources */ = {isa = PBXBuildFile; fileRef = A1D4A7ED199BED850021EEA6 /* main.m */; };
		A1D4A7F5199BED850021EEA6 /* BBUAppDelegate.m in Sources */ = {isa = PBXBuildFile; fileRef = A1D4A7F4199BED850021EEA6 /* BBUAppDelegate.m */; };
		A1D4A7FA199BED850021EEA6 /* Images.xcassets in Resources */ = {isa = PBXBuildFile; fileRef = A1D4A7F9199BED850021EEA6 /* Images.xcassets */; };
		A1D4A817199BEE8E0021EEA6 /* Credits.rtf in Resources */ = {isa = PBXBuildFile; fileRef = A1D4A816199BEE8E0021EEA6 /* Credits.rtf */; };
		A1D4A819199BEE970021EEA6 /* MainMenu.xib in Resources */ = {isa = PBXBuildFile; fileRef = A1D4A818199BEE970021EEA6 /* MainMenu.xib */; };
		A1D5AC4119C0721C00C86F53 /* BBUS3Uploader+SharedSettings.m in Sources */ = {isa = PBXBuildFile; fileRef = A1D5AC4019C0721C00C86F53 /* BBUS3Uploader+SharedSettings.m */; };
		A1D603AF19E53387001BACAB /* BBUNetworkRequestLogger.m in Sources */ = {isa = PBXBuildFile; fileRef = A1D603AE19E53387001BACAB /* BBUNetworkRequestLogger.m */; };
		A1D912A019D19DC5007D00DD /* cloud.png in Resources */ = {isa = PBXBuildFile; fileRef = A1D9129E19D19DC5007D00DD /* cloud.png */; };
		A1D912A119D19DC5007D00DD /* Rectangle 20.png in Resources */ = {isa = PBXBuildFile; fileRef = A1D9129F19D19DC5007D00DD /* Rectangle 20.png */; };
		A1D912A319D19E4C007D00DD /* Logo.png in Resources */ = {isa = PBXBuildFile; fileRef = A1D912A219D19E4C007D00DD /* Logo.png */; };
		A1D912A719D19EAE007D00DD /* BBUEmptyViewController.m in Sources */ = {isa = PBXBuildFile; fileRef = A1D912A519D19EAE007D00DD /* BBUEmptyViewController.m */; };
		A1D912A819D19EAE007D00DD /* BBUEmptyViewController.xib in Resources */ = {isa = PBXBuildFile; fileRef = A1D912A619D19EAE007D00DD /* BBUEmptyViewController.xib */; };
		A1D912AC19D19FD9007D00DD /* Fonts in CopyFiles */ = {isa = PBXBuildFile; fileRef = A1D912A919D19EE0007D00DD /* Fonts */; };
		A1DDF98819E42895009E579B /* OtherLogo.png in Resources */ = {isa = PBXBuildFile; fileRef = A1DDF98619E42895009E579B /* OtherLogo.png */; };
		A1DDF98919E42895009E579B /* OtherLogo@2x.png in Resources */ = {isa = PBXBuildFile; fileRef = A1DDF98719E42895009E579B /* OtherLogo@2x.png */; };
		A1EF194E199CA00C00AE864E /* BBUImageViewController.m in Sources */ = {isa = PBXBuildFile; fileRef = A1EF194D199CA00C00AE864E /* BBUImageViewController.m */; };
		A1EF1951199CA50A00AE864E /* BBUImageCell.m in Sources */ = {isa = PBXBuildFile; fileRef = A1EF1950199CA50A00AE864E /* BBUImageCell.m */; };
		A1F35BD219A6262D00654922 /* BBUAssetUploadOperation.m in Sources */ = {isa = PBXBuildFile; fileRef = A1F35BD119A6262D00654922 /* BBUAssetUploadOperation.m */; };
		A1F834DA19A2033300282AE9 /* BBUCollectionView.m in Sources */ = {isa = PBXBuildFile; fileRef = A1F834D919A2033300282AE9 /* BBUCollectionView.m */; };
		A23D4E3A868943879EE69000 /* libPods-image-uploader.a in Frameworks */ = {isa = PBXBuildFile; fileRef = 79302297BDDD4879A2F47997 /* libPods-image-uploader.a */; };
		DA472A44A5615CFD9C3B8E59 /* libPods-Uploader Tests.a in Frameworks */ = {isa = PBXBuildFile; fileRef = 5350AD0E92E7EAA646C2A3F2 /* libPods-Uploader Tests.a */; };
/* End PBXBuildFile section */

/* Begin PBXContainerItemProxy section */
		A13A44AF19EBC35D008DE506 /* PBXContainerItemProxy */ = {
			isa = PBXContainerItemProxy;
			containerPortal = A1D4A7D6199BED850021EEA6 /* Project object */;
			proxyType = 1;
			remoteGlobalIDString = A1D4A7DD199BED850021EEA6;
			remoteInfo = "image-uploader";
		};
		A19469C719E8372900766AF0 /* PBXContainerItemProxy */ = {
			isa = PBXContainerItemProxy;
			containerPortal = A1D4A7D6199BED850021EEA6 /* Project object */;
			proxyType = 1;
			remoteGlobalIDString = A1D4A7DD199BED850021EEA6;
			remoteInfo = "image-uploader";
		};
/* End PBXContainerItemProxy section */

/* Begin PBXCopyFilesBuildPhase section */
		A1D912AB19D19FCF007D00DD /* CopyFiles */ = {
			isa = PBXCopyFilesBuildPhase;
			buildActionMask = 2147483647;
			dstPath = "";
			dstSubfolderSpec = 7;
			files = (
				A1D912AC19D19FD9007D00DD /* Fonts in CopyFiles */,
			);
			runOnlyForDeploymentPostprocessing = 0;
		};
/* End PBXCopyFilesBuildPhase section */

/* Begin PBXFileReference section */
		2502DC8DDB16375802DBC873 /* Pods-Uploader Tests.release.xcconfig */ = {isa = PBXFileReference; includeInIndex = 1; lastKnownFileType = text.xcconfig; name = "Pods-Uploader Tests.release.xcconfig"; path = "Pods/Target Support Files/Pods-Uploader Tests/Pods-Uploader Tests.release.xcconfig"; sourceTree = "<group>"; };
		5350AD0E92E7EAA646C2A3F2 /* libPods-Uploader Tests.a */ = {isa = PBXFileReference; explicitFileType = archive.ar; includeInIndex = 0; path = "libPods-Uploader Tests.a"; sourceTree = BUILT_PRODUCTS_DIR; };
		79302297BDDD4879A2F47997 /* libPods-image-uploader.a */ = {isa = PBXFileReference; explicitFileType = archive.ar; includeInIndex = 0; path = "libPods-image-uploader.a"; sourceTree = BUILT_PRODUCTS_DIR; };
		98581CCF0555076D88902C1F /* Pods-image-uploader.debug.xcconfig */ = {isa = PBXFileReference; includeInIndex = 1; lastKnownFileType = text.xcconfig; name = "Pods-image-uploader.debug.xcconfig"; path = "Pods/Target Support Files/Pods-image-uploader/Pods-image-uploader.debug.xcconfig"; sourceTree = "<group>"; };
		A10D832B19D5EBBE00314284 /* BBUDragHintView.h */ = {isa = PBXFileReference; fileEncoding = 4; lastKnownFileType = sourcecode.c.h; path = BBUDragHintView.h; sourceTree = "<group>"; };
		A10D832C19D5EBBE00314284 /* BBUDragHintView.m */ = {isa = PBXFileReference; fileEncoding = 4; lastKnownFileType = sourcecode.c.objc; path = BBUDragHintView.m; sourceTree = "<group>"; };
		A10FC71319AE324400C45BA3 /* Realm.framework */ = {isa = PBXFileReference; lastKnownFileType = wrapper.framework; name = Realm.framework; path = "Pods/Realm/realm-cocoapods-0.83.0/osx/Realm.framework"; sourceTree = "<group>"; };
		A13A44B219EBC4FF008DE506 /* BBUFileInformation.h */ = {isa = PBXFileReference; fileEncoding = 4; lastKnownFileType = sourcecode.c.h; path = BBUFileInformation.h; sourceTree = "<group>"; };
		A13A44B319EBC4FF008DE506 /* BBUFileInformation.m */ = {isa = PBXFileReference; fileEncoding = 4; lastKnownFileType = sourcecode.c.objc; path = BBUFileInformation.m; sourceTree = "<group>"; };
		A14BDCA319D36E29008B8E7B /* BBUAppStyle.h */ = {isa = PBXFileReference; fileEncoding = 4; lastKnownFileType = sourcecode.c.h; path = BBUAppStyle.h; sourceTree = "<group>"; };
		A14BDCA419D36E29008B8E7B /* BBUAppStyle.m */ = {isa = PBXFileReference; fileEncoding = 4; lastKnownFileType = sourcecode.c.objc; path = BBUAppStyle.m; sourceTree = "<group>"; };
		A15A61BE19A222AA006B1551 /* BBUDraggedFile.h */ = {isa = PBXFileReference; fileEncoding = 4; lastKnownFileType = sourcecode.c.h; path = BBUDraggedFile.h; sourceTree = "<group>"; };
		A15A61BF19A222AA006B1551 /* BBUDraggedFile.m */ = {isa = PBXFileReference; fileEncoding = 4; lastKnownFileType = sourcecode.c.objc; path = BBUDraggedFile.m; sourceTree = "<group>"; };
		A15A61C119A23105006B1551 /* NSView+Geometry.h */ = {isa = PBXFileReference; fileEncoding = 4; lastKnownFileType = sourcecode.c.h; path = "NSView+Geometry.h"; sourceTree = "<group>"; };
		A15A61C219A23105006B1551 /* NSView+Geometry.m */ = {isa = PBXFileReference; fileEncoding = 4; lastKnownFileType = sourcecode.c.objc; path = "NSView+Geometry.m"; sourceTree = "<group>"; };
		A15A61C419A23E9E006B1551 /* CMAClient+SharedClient.h */ = {isa = PBXFileReference; fileEncoding = 4; lastKnownFileType = sourcecode.c.h; path = "CMAClient+SharedClient.h"; sourceTree = "<group>"; };
		A15A61C519A23E9E006B1551 /* CMAClient+SharedClient.m */ = {isa = PBXFileReference; fileEncoding = 4; lastKnownFileType = sourcecode.c.objc; path = "CMAClient+SharedClient.m"; sourceTree = "<group>"; };
		A16E72A419D5E8E900D82C93 /* Check.png */ = {isa = PBXFileReference; lastKnownFileType = image.png; path = Check.png; sourceTree = "<group>"; };
		A16E72A519D5E8E900D82C93 /* Check@2x.png */ = {isa = PBXFileReference; lastKnownFileType = image.png; path = "Check@2x.png"; sourceTree = "<group>"; };
		A16E72A619D5E8E900D82C93 /* close@2x.png */ = {isa = PBXFileReference; lastKnownFileType = image.png; path = "close@2x.png"; sourceTree = "<group>"; };
		A16E72A719D5E8E900D82C93 /* cloud@2x.png */ = {isa = PBXFileReference; lastKnownFileType = image.png; path = "cloud@2x.png"; sourceTree = "<group>"; };
		A16E72A819D5E8E900D82C93 /* Line@2x.png */ = {isa = PBXFileReference; lastKnownFileType = image.png; path = "Line@2x.png"; sourceTree = "<group>"; };
		A16E72A919D5E8E900D82C93 /* Logo@2x.png */ = {isa = PBXFileReference; lastKnownFileType = image.png; path = "Logo@2x.png"; sourceTree = "<group>"; };
		A16E72AA19D5E8E900D82C93 /* Rectangle 20@2x.png */ = {isa = PBXFileReference; lastKnownFileType = image.png; path = "Rectangle 20@2x.png"; sourceTree = "<group>"; };
		A19469C119E8372900766AF0 /* Uploader Tests.xctest */ = {isa = PBXFileReference; explicitFileType = wrapper.cfbundle; includeInIndex = 0; path = "Uploader Tests.xctest"; sourceTree = BUILT_PRODUCTS_DIR; };
		A19469C419E8372900766AF0 /* Info.plist */ = {isa = PBXFileReference; lastKnownFileType = text.plist.xml; path = Info.plist; sourceTree = "<group>"; };
		A19469C519E8372900766AF0 /* AssetInfoPersistenceTest.m */ = {isa = PBXFileReference; lastKnownFileType = sourcecode.c.objc; path = AssetInfoPersistenceTest.m; sourceTree = "<group>"; };
		A19469CC19E8385200766AF0 /* AsyncTesting.h */ = {isa = PBXFileReference; fileEncoding = 4; lastKnownFileType = sourcecode.c.h; path = AsyncTesting.h; sourceTree = "<group>"; };
		A19FB0D219A3445500A5659C /* BBUMenuViewController.h */ = {isa = PBXFileReference; fileEncoding = 4; lastKnownFileType = sourcecode.c.h; path = BBUMenuViewController.h; sourceTree = "<group>"; };
		A19FB0D319A3445500A5659C /* BBUMenuViewController.m */ = {isa = PBXFileReference; fileEncoding = 4; lastKnownFileType = sourcecode.c.objc; path = BBUMenuViewController.m; sourceTree = "<group>"; };
		A19FB0D519A347BE00A5659C /* BBUMenuCell.h */ = {isa = PBXFileReference; fileEncoding = 4; lastKnownFileType = sourcecode.c.h; path = BBUMenuCell.h; sourceTree = "<group>"; };
		A19FB0D619A347BE00A5659C /* BBUMenuCell.m */ = {isa = PBXFileReference; fileEncoding = 4; lastKnownFileType = sourcecode.c.objc; path = BBUMenuCell.m; sourceTree = "<group>"; };
		A1CA18A419D993D6001888AC /* BBUDraggedFileFormatter.h */ = {isa = PBXFileReference; fileEncoding = 4; lastKnownFileType = sourcecode.c.h; path = BBUDraggedFileFormatter.h; sourceTree = "<group>"; };
		A1CA18A519D993D6001888AC /* BBUDraggedFileFormatter.m */ = {isa = PBXFileReference; fileEncoding = 4; lastKnownFileType = sourcecode.c.objc; path = BBUDraggedFileFormatter.m; sourceTree = "<group>"; };
		A1CA2AA819D9B1C700635092 /* BBUConfirmationFooter.h */ = {isa = PBXFileReference; fileEncoding = 4; lastKnownFileType = sourcecode.c.h; path = BBUConfirmationFooter.h; sourceTree = "<group>"; };
		A1CA2AA919D9B1C700635092 /* BBUConfirmationFooter.m */ = {isa = PBXFileReference; fileEncoding = 4; lastKnownFileType = sourcecode.c.objc; path = BBUConfirmationFooter.m; sourceTree = "<group>"; };
		A1CCBD7F19BF259300878BF9 /* BBUS3SettingsViewController.h */ = {isa = PBXFileReference; fileEncoding = 4; lastKnownFileType = sourcecode.c.h; path = BBUS3SettingsViewController.h; sourceTree = "<group>"; };
		A1CCBD8019BF259300878BF9 /* BBUS3SettingsViewController.m */ = {isa = PBXFileReference; fileEncoding = 4; lastKnownFileType = sourcecode.c.objc; path = BBUS3SettingsViewController.m; sourceTree = "<group>"; };
		A1CCBD8119BF259300878BF9 /* BBUS3SettingsViewController.xib */ = {isa = PBXFileReference; fileEncoding = 4; lastKnownFileType = file.xib; path = BBUS3SettingsViewController.xib; sourceTree = "<group>"; };
		A1CFC35A19D95CB0003F2EF9 /* Failed.png */ = {isa = PBXFileReference; lastKnownFileType = image.png; path = Failed.png; sourceTree = "<group>"; };
		A1CFC35B19D95CB0003F2EF9 /* Failed@2x.png */ = {isa = PBXFileReference; lastKnownFileType = image.png; path = "Failed@2x.png"; sourceTree = "<group>"; };
		A1CFF4D319E144FC002CB57C /* BBULoginController.h */ = {isa = PBXFileReference; fileEncoding = 4; lastKnownFileType = sourcecode.c.h; path = BBULoginController.h; sourceTree = "<group>"; };
		A1CFF4D419E144FC002CB57C /* BBULoginController.m */ = {isa = PBXFileReference; fileEncoding = 4; lastKnownFileType = sourcecode.c.objc; path = BBULoginController.m; sourceTree = "<group>"; };
		A1CFF4D519E144FC002CB57C /* BBULoginController.xib */ = {isa = PBXFileReference; fileEncoding = 4; lastKnownFileType = file.xib; path = BBULoginController.xib; sourceTree = "<group>"; };
		A1D01CEA19D4367000EB9531 /* BBUHeaderView.h */ = {isa = PBXFileReference; fileEncoding = 4; lastKnownFileType = sourcecode.c.h; path = BBUHeaderView.h; sourceTree = "<group>"; };
		A1D01CEB19D4367000EB9531 /* BBUHeaderView.m */ = {isa = PBXFileReference; fileEncoding = 4; lastKnownFileType = sourcecode.c.objc; path = BBUHeaderView.m; sourceTree = "<group>"; };
		A1D01CED19D43EE300EB9531 /* close.png */ = {isa = PBXFileReference; lastKnownFileType = image.png; path = close.png; sourceTree = "<group>"; };
		A1D01CEE19D43EE300EB9531 /* Line.png */ = {isa = PBXFileReference; lastKnownFileType = image.png; path = Line.png; sourceTree = "<group>"; };
		A1D10C2719B5C23F009CA6CA /* contentful_logo_big.png */ = {isa = PBXFileReference; lastKnownFileType = image.png; path = contentful_logo_big.png; sourceTree = "<group>"; };
		A1D49CE519E041690083B816 /* NSButton+Contentful.h */ = {isa = PBXFileReference; fileEncoding = 4; lastKnownFileType = sourcecode.c.h; path = "NSButton+Contentful.h"; sourceTree = "<group>"; };
		A1D49CE619E041690083B816 /* NSButton+Contentful.m */ = {isa = PBXFileReference; fileEncoding = 4; lastKnownFileType = sourcecode.c.objc; path = "NSButton+Contentful.m"; sourceTree = "<group>"; };
		A1D4A7DE199BED850021EEA6 /* image-uploader.app */ = {isa = PBXFileReference; explicitFileType = wrapper.application; includeInIndex = 0; path = "image-uploader.app"; sourceTree = BUILT_PRODUCTS_DIR; };
		A1D4A7E1199BED850021EEA6 /* Cocoa.framework */ = {isa = PBXFileReference; lastKnownFileType = wrapper.framework; name = Cocoa.framework; path = System/Library/Frameworks/Cocoa.framework; sourceTree = SDKROOT; };
		A1D4A7E4199BED850021EEA6 /* AppKit.framework */ = {isa = PBXFileReference; lastKnownFileType = wrapper.framework; name = AppKit.framework; path = System/Library/Frameworks/AppKit.framework; sourceTree = SDKROOT; };
		A1D4A7E6199BED850021EEA6 /* Foundation.framework */ = {isa = PBXFileReference; lastKnownFileType = wrapper.framework; name = Foundation.framework; path = System/Library/Frameworks/Foundation.framework; sourceTree = SDKROOT; };
		A1D4A7E9199BED850021EEA6 /* image-uploader-Info.plist */ = {isa = PBXFileReference; lastKnownFileType = text.plist.xml; path = "image-uploader-Info.plist"; sourceTree = "<group>"; };
		A1D4A7ED199BED850021EEA6 /* main.m */ = {isa = PBXFileReference; lastKnownFileType = sourcecode.c.objc; path = main.m; sourceTree = "<group>"; };
		A1D4A7EF199BED850021EEA6 /* image-uploader-Prefix.pch */ = {isa = PBXFileReference; lastKnownFileType = sourcecode.c.h; path = "image-uploader-Prefix.pch"; sourceTree = "<group>"; };
		A1D4A7F3199BED850021EEA6 /* BBUAppDelegate.h */ = {isa = PBXFileReference; lastKnownFileType = sourcecode.c.h; path = BBUAppDelegate.h; sourceTree = "<group>"; };
		A1D4A7F4199BED850021EEA6 /* BBUAppDelegate.m */ = {isa = PBXFileReference; lastKnownFileType = sourcecode.c.objc; path = BBUAppDelegate.m; sourceTree = "<group>"; };
		A1D4A7F9199BED850021EEA6 /* Images.xcassets */ = {isa = PBXFileReference; lastKnownFileType = folder.assetcatalog; path = Images.xcassets; sourceTree = "<group>"; };
		A1D4A816199BEE8E0021EEA6 /* Credits.rtf */ = {isa = PBXFileReference; fileEncoding = 4; lastKnownFileType = text.rtf; path = Credits.rtf; sourceTree = "<group>"; };
		A1D4A818199BEE970021EEA6 /* MainMenu.xib */ = {isa = PBXFileReference; fileEncoding = 4; lastKnownFileType = file.xib; path = MainMenu.xib; sourceTree = "<group>"; };
		A1D5AC3F19C0721C00C86F53 /* BBUS3Uploader+SharedSettings.h */ = {isa = PBXFileReference; fileEncoding = 4; lastKnownFileType = sourcecode.c.h; path = "BBUS3Uploader+SharedSettings.h"; sourceTree = "<group>"; };
		A1D5AC4019C0721C00C86F53 /* BBUS3Uploader+SharedSettings.m */ = {isa = PBXFileReference; fileEncoding = 4; lastKnownFileType = sourcecode.c.objc; path = "BBUS3Uploader+SharedSettings.m"; sourceTree = "<group>"; };
		A1D603AD19E53387001BACAB /* BBUNetworkRequestLogger.h */ = {isa = PBXFileReference; fileEncoding = 4; lastKnownFileType = sourcecode.c.h; path = BBUNetworkRequestLogger.h; sourceTree = "<group>"; };
		A1D603AE19E53387001BACAB /* BBUNetworkRequestLogger.m */ = {isa = PBXFileReference; fileEncoding = 4; lastKnownFileType = sourcecode.c.objc; path = BBUNetworkRequestLogger.m; sourceTree = "<group>"; };
		A1D9129E19D19DC5007D00DD /* cloud.png */ = {isa = PBXFileReference; lastKnownFileType = image.png; path = cloud.png; sourceTree = "<group>"; };
		A1D9129F19D19DC5007D00DD /* Rectangle 20.png */ = {isa = PBXFileReference; lastKnownFileType = image.png; path = "Rectangle 20.png"; sourceTree = "<group>"; };
		A1D912A219D19E4C007D00DD /* Logo.png */ = {isa = PBXFileReference; lastKnownFileType = image.png; path = Logo.png; sourceTree = "<group>"; };
		A1D912A419D19EAE007D00DD /* BBUEmptyViewController.h */ = {isa = PBXFileReference; fileEncoding = 4; lastKnownFileType = sourcecode.c.h; path = BBUEmptyViewController.h; sourceTree = "<group>"; };
		A1D912A519D19EAE007D00DD /* BBUEmptyViewController.m */ = {isa = PBXFileReference; fileEncoding = 4; lastKnownFileType = sourcecode.c.objc; path = BBUEmptyViewController.m; sourceTree = "<group>"; };
		A1D912A619D19EAE007D00DD /* BBUEmptyViewController.xib */ = {isa = PBXFileReference; fileEncoding = 4; lastKnownFileType = file.xib; path = BBUEmptyViewController.xib; sourceTree = "<group>"; };
		A1D912A919D19EE0007D00DD /* Fonts */ = {isa = PBXFileReference; lastKnownFileType = folder; path = Fonts; sourceTree = "<group>"; };
		A1DDF98619E42895009E579B /* OtherLogo.png */ = {isa = PBXFileReference; lastKnownFileType = image.png; path = OtherLogo.png; sourceTree = "<group>"; };
		A1DDF98719E42895009E579B /* OtherLogo@2x.png */ = {isa = PBXFileReference; lastKnownFileType = image.png; path = "OtherLogo@2x.png"; sourceTree = "<group>"; };
		A1EF194C199CA00C00AE864E /* BBUImageViewController.h */ = {isa = PBXFileReference; fileEncoding = 4; lastKnownFileType = sourcecode.c.h; path = BBUImageViewController.h; sourceTree = "<group>"; };
		A1EF194D199CA00C00AE864E /* BBUImageViewController.m */ = {isa = PBXFileReference; fileEncoding = 4; lastKnownFileType = sourcecode.c.objc; path = BBUImageViewController.m; sourceTree = "<group>"; };
		A1EF194F199CA50A00AE864E /* BBUImageCell.h */ = {isa = PBXFileReference; fileEncoding = 4; lastKnownFileType = sourcecode.c.h; path = BBUImageCell.h; sourceTree = "<group>"; };
		A1EF1950199CA50A00AE864E /* BBUImageCell.m */ = {isa = PBXFileReference; fileEncoding = 4; lastKnownFileType = sourcecode.c.objc; path = BBUImageCell.m; sourceTree = "<group>"; };
		A1F35BD019A6262D00654922 /* BBUAssetUploadOperation.h */ = {isa = PBXFileReference; fileEncoding = 4; lastKnownFileType = sourcecode.c.h; path = BBUAssetUploadOperation.h; sourceTree = "<group>"; };
		A1F35BD119A6262D00654922 /* BBUAssetUploadOperation.m */ = {isa = PBXFileReference; fileEncoding = 4; lastKnownFileType = sourcecode.c.objc; path = BBUAssetUploadOperation.m; sourceTree = "<group>"; };
		A1F834D819A2033300282AE9 /* BBUCollectionView.h */ = {isa = PBXFileReference; fileEncoding = 4; lastKnownFileType = sourcecode.c.h; path = BBUCollectionView.h; sourceTree = "<group>"; };
		A1F834D919A2033300282AE9 /* BBUCollectionView.m */ = {isa = PBXFileReference; fileEncoding = 4; lastKnownFileType = sourcecode.c.objc; path = BBUCollectionView.m; sourceTree = "<group>"; };
		A9926F5FCE44C8E870467B0B /* Pods-image-uploader.release.xcconfig */ = {isa = PBXFileReference; includeInIndex = 1; lastKnownFileType = text.xcconfig; name = "Pods-image-uploader.release.xcconfig"; path = "Pods/Target Support Files/Pods-image-uploader/Pods-image-uploader.release.xcconfig"; sourceTree = "<group>"; };
		D4957160548C3F47EE7E4D90 /* Pods-Uploader Tests.debug.xcconfig */ = {isa = PBXFileReference; includeInIndex = 1; lastKnownFileType = text.xcconfig; name = "Pods-Uploader Tests.debug.xcconfig"; path = "Pods/Target Support Files/Pods-Uploader Tests/Pods-Uploader Tests.debug.xcconfig"; sourceTree = "<group>"; };
/* End PBXFileReference section */

/* Begin PBXFrameworksBuildPhase section */
		A19469BE19E8372900766AF0 /* Frameworks */ = {
			isa = PBXFrameworksBuildPhase;
			buildActionMask = 2147483647;
			files = (
				DA472A44A5615CFD9C3B8E59 /* libPods-Uploader Tests.a in Frameworks */,
			);
			runOnlyForDeploymentPostprocessing = 0;
		};
		A1D4A7DB199BED850021EEA6 /* Frameworks */ = {
			isa = PBXFrameworksBuildPhase;
			buildActionMask = 2147483647;
			files = (
				A1D4A7E2199BED850021EEA6 /* Cocoa.framework in Frameworks */,
				A23D4E3A868943879EE69000 /* libPods-image-uploader.a in Frameworks */,
			);
			runOnlyForDeploymentPostprocessing = 0;
		};
/* End PBXFrameworksBuildPhase section */

/* Begin PBXGroup section */
		A19469C219E8372900766AF0 /* Tests */ = {
			isa = PBXGroup;
			children = (
				A19469C519E8372900766AF0 /* AssetInfoPersistenceTest.m */,
				A19469CC19E8385200766AF0 /* AsyncTesting.h */,
				A19469C419E8372900766AF0 /* Info.plist */,
			);
			path = Tests;
			sourceTree = "<group>";
		};
		A1B151A919B9AF7400C9C97E /* UI */ = {
			isa = PBXGroup;
			children = (
				A14BDCA319D36E29008B8E7B /* BBUAppStyle.h */,
				A14BDCA419D36E29008B8E7B /* BBUAppStyle.m */,
				A1F834D819A2033300282AE9 /* BBUCollectionView.h */,
				A1F834D919A2033300282AE9 /* BBUCollectionView.m */,
				A1CA2AA819D9B1C700635092 /* BBUConfirmationFooter.h */,
				A1CA2AA919D9B1C700635092 /* BBUConfirmationFooter.m */,
				A1CA18A419D993D6001888AC /* BBUDraggedFileFormatter.h */,
				A1CA18A519D993D6001888AC /* BBUDraggedFileFormatter.m */,
				A10D832B19D5EBBE00314284 /* BBUDragHintView.h */,
				A10D832C19D5EBBE00314284 /* BBUDragHintView.m */,
				A1D912A419D19EAE007D00DD /* BBUEmptyViewController.h */,
				A1D912A519D19EAE007D00DD /* BBUEmptyViewController.m */,
				A1D01CEA19D4367000EB9531 /* BBUHeaderView.h */,
				A1D01CEB19D4367000EB9531 /* BBUHeaderView.m */,
				A1EF194F199CA50A00AE864E /* BBUImageCell.h */,
				A1EF1950199CA50A00AE864E /* BBUImageCell.m */,
				A1EF194C199CA00C00AE864E /* BBUImageViewController.h */,
				A1EF194D199CA00C00AE864E /* BBUImageViewController.m */,
				A1CFF4D319E144FC002CB57C /* BBULoginController.h */,
				A1CFF4D419E144FC002CB57C /* BBULoginController.m */,
				A19FB0D519A347BE00A5659C /* BBUMenuCell.h */,
				A19FB0D619A347BE00A5659C /* BBUMenuCell.m */,
				A19FB0D219A3445500A5659C /* BBUMenuViewController.h */,
				A19FB0D319A3445500A5659C /* BBUMenuViewController.m */,
				A1CCBD7F19BF259300878BF9 /* BBUS3SettingsViewController.h */,
				A1CCBD8019BF259300878BF9 /* BBUS3SettingsViewController.m */,
				A1D49CE519E041690083B816 /* NSButton+Contentful.h */,
				A1D49CE619E041690083B816 /* NSButton+Contentful.m */,
				A15A61C119A23105006B1551 /* NSView+Geometry.h */,
				A15A61C219A23105006B1551 /* NSView+Geometry.m */,
			);
			name = UI;
			sourceTree = "<group>";
		};
		A1B151AA19B9AFB200C9C97E /* Asset Handling */ = {
			isa = PBXGroup;
			children = (
				A15A61C419A23E9E006B1551 /* CMAClient+SharedClient.h */,
				A15A61C519A23E9E006B1551 /* CMAClient+SharedClient.m */,
				A1F35BD019A6262D00654922 /* BBUAssetUploadOperation.h */,
				A1F35BD119A6262D00654922 /* BBUAssetUploadOperation.m */,
				A15A61BE19A222AA006B1551 /* BBUDraggedFile.h */,
				A15A61BF19A222AA006B1551 /* BBUDraggedFile.m */,
				A13A44B219EBC4FF008DE506 /* BBUFileInformation.h */,
				A13A44B319EBC4FF008DE506 /* BBUFileInformation.m */,
				A1D603AD19E53387001BACAB /* BBUNetworkRequestLogger.h */,
				A1D603AE19E53387001BACAB /* BBUNetworkRequestLogger.m */,
			);
			name = "Asset Handling";
			sourceTree = "<group>";
		};
		A1D4A7D5199BED850021EEA6 = {
			isa = PBXGroup;
			children = (
				A1D4A7E7199BED850021EEA6 /* Code */,
				A1D4A7E0199BED850021EEA6 /* Frameworks */,
				F8D0F218CD2CE0B7DFEB3287 /* Pods */,
				A1D4A7DF199BED850021EEA6 /* Products */,
				A1D4A815199BEDCC0021EEA6 /* Resources */,
				A1D4A7E8199BED850021EEA6 /* Supporting Files */,
				A19469C219E8372900766AF0 /* Tests */,
			);
			sourceTree = "<group>";
		};
		A1D4A7DF199BED850021EEA6 /* Products */ = {
			isa = PBXGroup;
			children = (
				A1D4A7DE199BED850021EEA6 /* image-uploader.app */,
				A19469C119E8372900766AF0 /* Uploader Tests.xctest */,
			);
			name = Products;
			sourceTree = "<group>";
		};
		A1D4A7E0199BED850021EEA6 /* Frameworks */ = {
			isa = PBXGroup;
			children = (
				A1D4A7E4199BED850021EEA6 /* AppKit.framework */,
				A1D4A7E1199BED850021EEA6 /* Cocoa.framework */,
				A1D4A7E6199BED850021EEA6 /* Foundation.framework */,
				A10FC71319AE324400C45BA3 /* Realm.framework */,
				79302297BDDD4879A2F47997 /* libPods-image-uploader.a */,
				5350AD0E92E7EAA646C2A3F2 /* libPods-Uploader Tests.a */,
			);
			name = Frameworks;
			sourceTree = "<group>";
		};
		A1D4A7E7199BED850021EEA6 /* Code */ = {
			isa = PBXGroup;
			children = (
				A1B151AA19B9AFB200C9C97E /* Asset Handling */,
				A1B151A919B9AF7400C9C97E /* UI */,
				A1D5AC4219C0722200C86F53 /* Upload */,
				A1D4A7F3199BED850021EEA6 /* BBUAppDelegate.h */,
				A1D4A7F4199BED850021EEA6 /* BBUAppDelegate.m */,
			);
			path = Code;
			sourceTree = "<group>";
		};
		A1D4A7E8199BED850021EEA6 /* Supporting Files */ = {
			isa = PBXGroup;
			children = (
				A1D4A816199BEE8E0021EEA6 /* Credits.rtf */,
				A1D4A7E9199BED850021EEA6 /* image-uploader-Info.plist */,
				A1D4A7EF199BED850021EEA6 /* image-uploader-Prefix.pch */,
				A1D4A7ED199BED850021EEA6 /* main.m */,
			);
			path = "Supporting Files";
			sourceTree = "<group>";
		};
		A1D4A815199BEDCC0021EEA6 /* Resources */ = {
			isa = PBXGroup;
			children = (
				A1D912A619D19EAE007D00DD /* BBUEmptyViewController.xib */,
				A1CFF4D519E144FC002CB57C /* BBULoginController.xib */,
				A1CCBD8119BF259300878BF9 /* BBUS3SettingsViewController.xib */,
				A16E72A419D5E8E900D82C93 /* Check.png */,
				A16E72A519D5E8E900D82C93 /* Check@2x.png */,
				A1D01CED19D43EE300EB9531 /* close.png */,
				A16E72A619D5E8E900D82C93 /* close@2x.png */,
				A1D9129E19D19DC5007D00DD /* cloud.png */,
				A16E72A719D5E8E900D82C93 /* cloud@2x.png */,
				A1D10C2719B5C23F009CA6CA /* contentful_logo_big.png */,
				A1CFC35A19D95CB0003F2EF9 /* Failed.png */,
				A1CFC35B19D95CB0003F2EF9 /* Failed@2x.png */,
				A1D912A919D19EE0007D00DD /* Fonts */,
				A1D4A7F9199BED850021EEA6 /* Images.xcassets */,
				A1D01CEE19D43EE300EB9531 /* Line.png */,
				A16E72A819D5E8E900D82C93 /* Line@2x.png */,
				A1D912A219D19E4C007D00DD /* Logo.png */,
				A16E72A919D5E8E900D82C93 /* Logo@2x.png */,
				A1D4A818199BEE970021EEA6 /* MainMenu.xib */,
				A1DDF98619E42895009E579B /* OtherLogo.png */,
				A1DDF98719E42895009E579B /* OtherLogo@2x.png */,
				A1D9129F19D19DC5007D00DD /* Rectangle 20.png */,
				A16E72AA19D5E8E900D82C93 /* Rectangle 20@2x.png */,
			);
			path = Resources;
			sourceTree = "<group>";
		};
		A1D5AC4219C0722200C86F53 /* Upload */ = {
			isa = PBXGroup;
			children = (
				A1D5AC3F19C0721C00C86F53 /* BBUS3Uploader+SharedSettings.h */,
				A1D5AC4019C0721C00C86F53 /* BBUS3Uploader+SharedSettings.m */,
			);
			name = Upload;
			sourceTree = "<group>";
		};
		F8D0F218CD2CE0B7DFEB3287 /* Pods */ = {
			isa = PBXGroup;
			children = (
				98581CCF0555076D88902C1F /* Pods-image-uploader.debug.xcconfig */,
				A9926F5FCE44C8E870467B0B /* Pods-image-uploader.release.xcconfig */,
				D4957160548C3F47EE7E4D90 /* Pods-Uploader Tests.debug.xcconfig */,
				2502DC8DDB16375802DBC873 /* Pods-Uploader Tests.release.xcconfig */,
			);
			name = Pods;
			sourceTree = "<group>";
		};
/* End PBXGroup section */

/* Begin PBXNativeTarget section */
		A19469C019E8372900766AF0 /* Uploader Tests */ = {
			isa = PBXNativeTarget;
			buildConfigurationList = A19469CB19E8372900766AF0 /* Build configuration list for PBXNativeTarget "Uploader Tests" */;
			buildPhases = (
				D89972D38B1C005BDE24590A /* Check Pods Manifest.lock */,
				A19469BD19E8372900766AF0 /* Sources */,
				A19469BE19E8372900766AF0 /* Frameworks */,
				A19469BF19E8372900766AF0 /* Resources */,
				64B72DF77DF3A6AB9CE8CC6B /* Copy Pods Resources */,
			);
			buildRules = (
			);
			dependencies = (
				A19469C819E8372900766AF0 /* PBXTargetDependency */,
				A13A44B019EBC35D008DE506 /* PBXTargetDependency */,
			);
			name = "Uploader Tests";
			productName = "Uploader Tests";
			productReference = A19469C119E8372900766AF0 /* Uploader Tests.xctest */;
			productType = "com.apple.product-type.bundle.unit-test";
		};
		A1D4A7DD199BED850021EEA6 /* image-uploader */ = {
			isa = PBXNativeTarget;
			buildConfigurationList = A1D4A80F199BED850021EEA6 /* Build configuration list for PBXNativeTarget "image-uploader" */;
			buildPhases = (
				4E1B7F0C9A764020962CB936 /* Check Pods Manifest.lock */,
				A1D4A7DA199BED850021EEA6 /* Sources */,
				A1D4A7DB199BED850021EEA6 /* Frameworks */,
				A1D4A7DC199BED850021EEA6 /* Resources */,
				251A6A48004640E59EF0B99C /* Copy Pods Resources */,
				A10FC6D719AE1E0200C45BA3 /* Show FIXMEs and TODOs */,
				A1D912AB19D19FCF007D00DD /* CopyFiles */,
			);
			buildRules = (
			);
			dependencies = (
			);
			name = "image-uploader";
			productName = "image-uploader";
			productReference = A1D4A7DE199BED850021EEA6 /* image-uploader.app */;
			productType = "com.apple.product-type.application";
		};
/* End PBXNativeTarget section */

/* Begin PBXProject section */
		A1D4A7D6199BED850021EEA6 /* Project object */ = {
			isa = PBXProject;
			attributes = {
				CLASSPREFIX = BBU;
				LastUpgradeCheck = 0600;
				ORGANIZATIONNAME = "Contentful GmbH";
				TargetAttributes = {
					A19469C019E8372900766AF0 = {
						CreatedOnToolsVersion = 6.0.1;
						TestTargetID = A1D4A7DD199BED850021EEA6;
					};
				};
			};
			buildConfigurationList = A1D4A7D9199BED850021EEA6 /* Build configuration list for PBXProject "image-uploader" */;
			compatibilityVersion = "Xcode 3.2";
			developmentRegion = English;
			hasScannedForEncodings = 0;
			knownRegions = (
				en,
				Base,
			);
			mainGroup = A1D4A7D5199BED850021EEA6;
			productRefGroup = A1D4A7DF199BED850021EEA6 /* Products */;
			projectDirPath = "";
			projectRoot = "";
			targets = (
				A1D4A7DD199BED850021EEA6 /* image-uploader */,
				A19469C019E8372900766AF0 /* Uploader Tests */,
			);
		};
/* End PBXProject section */

/* Begin PBXResourcesBuildPhase section */
		A19469BF19E8372900766AF0 /* Resources */ = {
			isa = PBXResourcesBuildPhase;
			buildActionMask = 2147483647;
			files = (
				A13A44B119EBC457008DE506 /* contentful_logo_big.png in Resources */,
			);
			runOnlyForDeploymentPostprocessing = 0;
		};
		A1D4A7DC199BED850021EEA6 /* Resources */ = {
			isa = PBXResourcesBuildPhase;
			buildActionMask = 2147483647;
			files = (
				A1D10C2819B5C23F009CA6CA /* contentful_logo_big.png in Resources */,
				A16E72B019D5E8E900D82C93 /* Logo@2x.png in Resources */,
				A1D01CEF19D43EE300EB9531 /* close.png in Resources */,
				A1D4A7FA199BED850021EEA6 /* Images.xcassets in Resources */,
				A1D4A817199BEE8E0021EEA6 /* Credits.rtf in Resources */,
				A1D01CF019D43EE300EB9531 /* Line.png in Resources */,
				A1D4A819199BEE970021EEA6 /* MainMenu.xib in Resources */,
				A16E72AF19D5E8E900D82C93 /* Line@2x.png in Resources */,
				A1D912A119D19DC5007D00DD /* Rectangle 20.png in Resources */,
				A1CFF4D719E144FC002CB57C /* BBULoginController.xib in Resources */,
				A16E72AC19D5E8E900D82C93 /* Check@2x.png in Resources */,
				A16E72AE19D5E8E900D82C93 /* cloud@2x.png in Resources */,
				A1DDF98919E42895009E579B /* OtherLogo@2x.png in Resources */,
				A1CFC35D19D95CB0003F2EF9 /* Failed@2x.png in Resources */,
				A16E72B119D5E8E900D82C93 /* Rectangle 20@2x.png in Resources */,
				A1D912A019D19DC5007D00DD /* cloud.png in Resources */,
				A1DDF98819E42895009E579B /* OtherLogo.png in Resources */,
				A1D912A319D19E4C007D00DD /* Logo.png in Resources */,
				A16E72AD19D5E8E900D82C93 /* close@2x.png in Resources */,
				A1CFC35C19D95CB0003F2EF9 /* Failed.png in Resources */,
				A1D912A819D19EAE007D00DD /* BBUEmptyViewController.xib in Resources */,
				A16E72AB19D5E8E900D82C93 /* Check.png in Resources */,
				A1CCBD8319BF259300878BF9 /* BBUS3SettingsViewController.xib in Resources */,
			);
			runOnlyForDeploymentPostprocessing = 0;
		};
/* End PBXResourcesBuildPhase section */

/* Begin PBXShellScriptBuildPhase section */
		251A6A48004640E59EF0B99C /* Copy Pods Resources */ = {
			isa = PBXShellScriptBuildPhase;
			buildActionMask = 2147483647;
			files = (
			);
			inputPaths = (
			);
			name = "Copy Pods Resources";
			outputPaths = (
			);
			runOnlyForDeploymentPostprocessing = 0;
			shellPath = /bin/sh;
			shellScript = "\"${SRCROOT}/Pods/Target Support Files/Pods-image-uploader/Pods-image-uploader-resources.sh\"\n";
			showEnvVarsInLog = 0;
		};
		4E1B7F0C9A764020962CB936 /* Check Pods Manifest.lock */ = {
			isa = PBXShellScriptBuildPhase;
			buildActionMask = 2147483647;
			files = (
			);
			inputPaths = (
			);
			name = "Check Pods Manifest.lock";
			outputPaths = (
			);
			runOnlyForDeploymentPostprocessing = 0;
			shellPath = /bin/sh;
			shellScript = "diff \"${PODS_ROOT}/../Podfile.lock\" \"${PODS_ROOT}/Manifest.lock\" > /dev/null\nif [[ $? != 0 ]] ; then\n    cat << EOM\nerror: The sandbox is not in sync with the Podfile.lock. Run 'pod install' or update your CocoaPods installation.\nEOM\n    exit 1\nfi\n";
			showEnvVarsInLog = 0;
		};
		64B72DF77DF3A6AB9CE8CC6B /* Copy Pods Resources */ = {
			isa = PBXShellScriptBuildPhase;
			buildActionMask = 2147483647;
			files = (
			);
			inputPaths = (
			);
			name = "Copy Pods Resources";
			outputPaths = (
			);
			runOnlyForDeploymentPostprocessing = 0;
			shellPath = /bin/sh;
			shellScript = "\"${SRCROOT}/Pods/Target Support Files/Pods-Uploader Tests/Pods-Uploader Tests-resources.sh\"\n";
			showEnvVarsInLog = 0;
		};
		A10FC6D719AE1E0200C45BA3 /* Show FIXMEs and TODOs */ = {
			isa = PBXShellScriptBuildPhase;
			buildActionMask = 2147483647;
			files = (
			);
			inputPaths = (
			);
			name = "Show FIXMEs and TODOs";
			outputPaths = (
			);
			runOnlyForDeploymentPostprocessing = 0;
			shellPath = /bin/sh;
			shellScript = "KEYWORDS=\"TODO:|FIXME:|\\?\\?\\?:|\\!\\!\\!:\"\nfind \"${SRCROOT}\" \\( -name \"*.h\" -or -name \"*.m\" \\) -print0 | xargs -0 egrep --with-filename --line-number --only-matching \"($KEYWORDS).*\\$\" | grep -v '/Pods/' | perl -p -e \"s/($KEYWORDS)/ warning: \\$1/\"";
		};
		D89972D38B1C005BDE24590A /* Check Pods Manifest.lock */ = {
			isa = PBXShellScriptBuildPhase;
			buildActionMask = 2147483647;
			files = (
			);
			inputPaths = (
			);
			name = "Check Pods Manifest.lock";
			outputPaths = (
			);
			runOnlyForDeploymentPostprocessing = 0;
			shellPath = /bin/sh;
			shellScript = "diff \"${PODS_ROOT}/../Podfile.lock\" \"${PODS_ROOT}/Manifest.lock\" > /dev/null\nif [[ $? != 0 ]] ; then\n    cat << EOM\nerror: The sandbox is not in sync with the Podfile.lock. Run 'pod install' or update your CocoaPods installation.\nEOM\n    exit 1\nfi\n";
			showEnvVarsInLog = 0;
		};
/* End PBXShellScriptBuildPhase section */

/* Begin PBXSourcesBuildPhase section */
		A19469BD19E8372900766AF0 /* Sources */ = {
			isa = PBXSourcesBuildPhase;
			buildActionMask = 2147483647;
			files = (
				A19469C619E8372900766AF0 /* AssetInfoPersistenceTest.m in Sources */,
			);
			runOnlyForDeploymentPostprocessing = 0;
		};
		A1D4A7DA199BED850021EEA6 /* Sources */ = {
			isa = PBXSourcesBuildPhase;
			buildActionMask = 2147483647;
			files = (
				A13A44B419EBC4FF008DE506 /* BBUFileInformation.m in Sources */,
				A1D4A7F5199BED850021EEA6 /* BBUAppDelegate.m in Sources */,
				A15A61C319A23105006B1551 /* NSView+Geometry.m in Sources */,
				A1EF1951199CA50A00AE864E /* BBUImageCell.m in Sources */,
				A15A61C019A222AA006B1551 /* BBUDraggedFile.m in Sources */,
				A1CA2AAA19D9B1C700635092 /* BBUConfirmationFooter.m in Sources */,
				A15A61C619A23E9E006B1551 /* CMAClient+SharedClient.m in Sources */,
				A1D49CE719E041690083B816 /* NSButton+Contentful.m in Sources */,
				A1CA18A619D993D6001888AC /* BBUDraggedFileFormatter.m in Sources */,
				A1CCBD8219BF259300878BF9 /* BBUS3SettingsViewController.m in Sources */,
				A19FB0D419A3445500A5659C /* BBUMenuViewController.m in Sources */,
				A1D01CEC19D4367000EB9531 /* BBUHeaderView.m in Sources */,
				A19FB0D719A347BE00A5659C /* BBUMenuCell.m in Sources */,
				A1F35BD219A6262D00654922 /* BBUAssetUploadOperation.m in Sources */,
				A14BDCA519D36E29008B8E7B /* BBUAppStyle.m in Sources */,
				A10D832D19D5EBBE00314284 /* BBUDragHintView.m in Sources */,
				A1D912A719D19EAE007D00DD /* BBUEmptyViewController.m in Sources */,
				A1D603AF19E53387001BACAB /* BBUNetworkRequestLogger.m in Sources */,
				A1EF194E199CA00C00AE864E /* BBUImageViewController.m in Sources */,
				A1D5AC4119C0721C00C86F53 /* BBUS3Uploader+SharedSettings.m in Sources */,
				A1D4A7EE199BED850021EEA6 /* main.m in Sources */,
				A1F834DA19A2033300282AE9 /* BBUCollectionView.m in Sources */,
				A1CFF4D619E144FC002CB57C /* BBULoginController.m in Sources */,
			);
			runOnlyForDeploymentPostprocessing = 0;
		};
/* End PBXSourcesBuildPhase section */

/* Begin PBXTargetDependency section */
		A13A44B019EBC35D008DE506 /* PBXTargetDependency */ = {
			isa = PBXTargetDependency;
			target = A1D4A7DD199BED850021EEA6 /* image-uploader */;
			targetProxy = A13A44AF19EBC35D008DE506 /* PBXContainerItemProxy */;
		};
		A19469C819E8372900766AF0 /* PBXTargetDependency */ = {
			isa = PBXTargetDependency;
			target = A1D4A7DD199BED850021EEA6 /* image-uploader */;
			targetProxy = A19469C719E8372900766AF0 /* PBXContainerItemProxy */;
		};
/* End PBXTargetDependency section */

/* Begin XCBuildConfiguration section */
		A19469C919E8372900766AF0 /* Debug */ = {
			isa = XCBuildConfiguration;
			baseConfigurationReference = D4957160548C3F47EE7E4D90 /* Pods-Uploader Tests.debug.xcconfig */;
			buildSettings = {
				BUNDLE_LOADER = "$(TEST_HOST)";
				CLANG_WARN_UNREACHABLE_CODE = YES;
				COMBINE_HIDPI_IMAGES = YES;
				ENABLE_STRICT_OBJC_MSGSEND = YES;
				FRAMEWORK_SEARCH_PATHS = (
					"$(DEVELOPER_FRAMEWORKS_DIR)",
					"$(inherited)",
				);
				GCC_PREPROCESSOR_DEFINITIONS = (
					"DEBUG=1",
					"$(inherited)",
				);
				INFOPLIST_FILE = Tests/Info.plist;
				LD_RUNPATH_SEARCH_PATHS = "$(inherited) @executable_path/../Frameworks @loader_path/../Frameworks";
				MACOSX_DEPLOYMENT_TARGET = 10.9;
				MTL_ENABLE_DEBUG_INFO = YES;
				PRODUCT_NAME = "$(TARGET_NAME)";
				TEST_HOST = "$(BUILT_PRODUCTS_DIR)/image-uploader.app/Contents/MacOS/image-uploader";
			};
			name = Debug;
		};
		A19469CA19E8372900766AF0 /* Release */ = {
			isa = XCBuildConfiguration;
			baseConfigurationReference = 2502DC8DDB16375802DBC873 /* Pods-Uploader Tests.release.xcconfig */;
			buildSettings = {
				BUNDLE_LOADER = "$(TEST_HOST)";
				CLANG_WARN_UNREACHABLE_CODE = YES;
				COMBINE_HIDPI_IMAGES = YES;
				ENABLE_STRICT_OBJC_MSGSEND = YES;
				FRAMEWORK_SEARCH_PATHS = (
					"$(DEVELOPER_FRAMEWORKS_DIR)",
					"$(inherited)",
				);
				INFOPLIST_FILE = "Uploader Tests/Info.plist";
				LD_RUNPATH_SEARCH_PATHS = "$(inherited) @executable_path/../Frameworks @loader_path/../Frameworks";
				MACOSX_DEPLOYMENT_TARGET = 10.9;
				MTL_ENABLE_DEBUG_INFO = NO;
				PRODUCT_NAME = "$(TARGET_NAME)";
				TEST_HOST = "$(BUILT_PRODUCTS_DIR)/image-uploader.app/Contents/MacOS/image-uploader";
			};
			name = Release;
		};
		A1D4A80D199BED850021EEA6 /* Debug */ = {
			isa = XCBuildConfiguration;
			buildSettings = {
				ALWAYS_SEARCH_USER_PATHS = NO;
				CLANG_CXX_LANGUAGE_STANDARD = "gnu++0x";
				CLANG_CXX_LIBRARY = "libc++";
				CLANG_ENABLE_MODULES = YES;
				CLANG_ENABLE_OBJC_ARC = YES;
				CLANG_WARN_BOOL_CONVERSION = YES;
				CLANG_WARN_CONSTANT_CONVERSION = YES;
				CLANG_WARN_DIRECT_OBJC_ISA_USAGE = YES_ERROR;
				CLANG_WARN_EMPTY_BODY = YES;
				CLANG_WARN_ENUM_CONVERSION = YES;
				CLANG_WARN_INT_CONVERSION = YES;
				CLANG_WARN_OBJC_ROOT_CLASS = YES_ERROR;
				CLANG_WARN__DUPLICATE_METHOD_MATCH = YES;
				COPY_PHASE_STRIP = NO;
				GCC_C_LANGUAGE_STANDARD = gnu99;
				GCC_DYNAMIC_NO_PIC = NO;
				GCC_ENABLE_OBJC_EXCEPTIONS = YES;
				GCC_OPTIMIZATION_LEVEL = 0;
				GCC_PREPROCESSOR_DEFINITIONS = (
					"DEBUG=1",
					"$(inherited)",
				);
				GCC_SYMBOLS_PRIVATE_EXTERN = NO;
				GCC_TREAT_WARNINGS_AS_ERRORS = YES;
				GCC_WARN_64_TO_32_BIT_CONVERSION = YES;
				GCC_WARN_ABOUT_RETURN_TYPE = YES_ERROR;
				GCC_WARN_UNDECLARED_SELECTOR = YES;
				GCC_WARN_UNINITIALIZED_AUTOS = YES_AGGRESSIVE;
				GCC_WARN_UNUSED_FUNCTION = YES;
				GCC_WARN_UNUSED_VARIABLE = YES;
				MACOSX_DEPLOYMENT_TARGET = 10.9;
				ONLY_ACTIVE_ARCH = YES;
				SDKROOT = macosx;
			};
			name = Debug;
		};
		A1D4A80E199BED850021EEA6 /* Release */ = {
			isa = XCBuildConfiguration;
			buildSettings = {
				ALWAYS_SEARCH_USER_PATHS = NO;
				CLANG_CXX_LANGUAGE_STANDARD = "gnu++0x";
				CLANG_CXX_LIBRARY = "libc++";
				CLANG_ENABLE_MODULES = YES;
				CLANG_ENABLE_OBJC_ARC = YES;
				CLANG_WARN_BOOL_CONVERSION = YES;
				CLANG_WARN_CONSTANT_CONVERSION = YES;
				CLANG_WARN_DIRECT_OBJC_ISA_USAGE = YES_ERROR;
				CLANG_WARN_EMPTY_BODY = YES;
				CLANG_WARN_ENUM_CONVERSION = YES;
				CLANG_WARN_INT_CONVERSION = YES;
				CLANG_WARN_OBJC_ROOT_CLASS = YES_ERROR;
				CLANG_WARN__DUPLICATE_METHOD_MATCH = YES;
				COPY_PHASE_STRIP = YES;
				DEBUG_INFORMATION_FORMAT = "dwarf-with-dsym";
				ENABLE_NS_ASSERTIONS = NO;
				GCC_C_LANGUAGE_STANDARD = gnu99;
				GCC_ENABLE_OBJC_EXCEPTIONS = YES;
				GCC_TREAT_WARNINGS_AS_ERRORS = YES;
				GCC_WARN_64_TO_32_BIT_CONVERSION = YES;
				GCC_WARN_ABOUT_RETURN_TYPE = YES_ERROR;
				GCC_WARN_UNDECLARED_SELECTOR = YES;
				GCC_WARN_UNINITIALIZED_AUTOS = YES_AGGRESSIVE;
				GCC_WARN_UNUSED_FUNCTION = YES;
				GCC_WARN_UNUSED_VARIABLE = YES;
				MACOSX_DEPLOYMENT_TARGET = 10.9;
				SDKROOT = macosx;
			};
			name = Release;
		};
		A1D4A810199BED850021EEA6 /* Debug */ = {
			isa = XCBuildConfiguration;
			baseConfigurationReference = 98581CCF0555076D88902C1F /* Pods-image-uploader.debug.xcconfig */;
			buildSettings = {
				ASSETCATALOG_COMPILER_APPICON_NAME = AppIcon;
				CODE_SIGN_IDENTITY = "Mac Developer";
				COMBINE_HIDPI_IMAGES = YES;
				FRAMEWORK_SEARCH_PATHS = "$(inherited)";
				GCC_PRECOMPILE_PREFIX_HEADER = YES;
				GCC_PREFIX_HEADER = "Supporting Files/image-uploader-Prefix.pch";
				INFOPLIST_FILE = "Supporting Files/image-uploader-Info.plist";
				LD_RUNPATH_SEARCH_PATHS = "$(inherited) @executable_path/../Frameworks";
				PRODUCT_NAME = "$(TARGET_NAME)";
				WRAPPER_EXTENSION = app;
			};
			name = Debug;
		};
		A1D4A811199BED850021EEA6 /* Release */ = {
			isa = XCBuildConfiguration;
			baseConfigurationReference = A9926F5FCE44C8E870467B0B /* Pods-image-uploader.release.xcconfig */;
			buildSettings = {
				ASSETCATALOG_COMPILER_APPICON_NAME = AppIcon;
				CODE_SIGN_IDENTITY = "Mac Developer";
				COMBINE_HIDPI_IMAGES = YES;
				FRAMEWORK_SEARCH_PATHS = "$(inherited)";
				GCC_PRECOMPILE_PREFIX_HEADER = YES;
				GCC_PREFIX_HEADER = "Supporting Files/image-uploader-Prefix.pch";
				INFOPLIST_FILE = "Supporting Files/image-uploader-Info.plist";
				LD_RUNPATH_SEARCH_PATHS = "$(inherited) @executable_path/../Frameworks";
				PRODUCT_NAME = "$(TARGET_NAME)";
				WRAPPER_EXTENSION = app;
			};
			name = Release;
		};
/* End XCBuildConfiguration section */

/* Begin XCConfigurationList section */
		A19469CB19E8372900766AF0 /* Build configuration list for PBXNativeTarget "Uploader Tests" */ = {
			isa = XCConfigurationList;
			buildConfigurations = (
				A19469C919E8372900766AF0 /* Debug */,
				A19469CA19E8372900766AF0 /* Release */,
			);
			defaultConfigurationIsVisible = 0;
			defaultConfigurationName = Release;
		};
		A1D4A7D9199BED850021EEA6 /* Build configuration list for PBXProject "image-uploader" */ = {
			isa = XCConfigurationList;
			buildConfigurations = (
				A1D4A80D199BED850021EEA6 /* Debug */,
				A1D4A80E199BED850021EEA6 /* Release */,
			);
			defaultConfigurationIsVisible = 0;
			defaultConfigurationName = Release;
		};
		A1D4A80F199BED850021EEA6 /* Build configuration list for PBXNativeTarget "image-uploader" */ = {
			isa = XCConfigurationList;
			buildConfigurations = (
				A1D4A810199BED850021EEA6 /* Debug */,
				A1D4A811199BED850021EEA6 /* Release */,
			);
			defaultConfigurationIsVisible = 0;
			defaultConfigurationName = Release;
		};
/* End XCConfigurationList section */
	};
	rootObject = A1D4A7D6199BED850021EEA6 /* Project object */;
}
