// !$*UTF8*$!
{
	archiveVersion = 1;
	classes = {
	};
	objectVersion = 46;
	objects = {

/* Begin PBXBuildFile section */
		A10F7FC419C7398B00CF8AEC /* BBUUserInfoView.m in Sources */ = {isa = PBXBuildFile; fileRef = A10F7FC319C7398B00CF8AEC /* BBUUserInfoView.m */; };
		A10FC6D419AE11BB00C45BA3 /* success.png in Resources */ = {isa = PBXBuildFile; fileRef = A10FC6D319AE11BB00C45BA3 /* success.png */; };
		A10FC6D619AE11D600C45BA3 /* failure.png in Resources */ = {isa = PBXBuildFile; fileRef = A10FC6D519AE11D600C45BA3 /* failure.png */; };
		A10FC71419AE324400C45BA3 /* Realm.framework in Frameworks */ = {isa = PBXBuildFile; fileRef = A10FC71319AE324400C45BA3 /* Realm.framework */; };
		A12039C419AE357F0097871C /* Realm.framework in Embed Frameworks */ = {isa = PBXBuildFile; fileRef = A10FC71319AE324400C45BA3 /* Realm.framework */; settings = {ATTRIBUTES = (CodeSignOnCopy, RemoveHeadersOnCopy, ); }; };
		A15A61C019A222AA006B1551 /* BBUDraggedFile.m in Sources */ = {isa = PBXBuildFile; fileRef = A15A61BF19A222AA006B1551 /* BBUDraggedFile.m */; };
		A15A61C319A23105006B1551 /* NSView+Geometry.m in Sources */ = {isa = PBXBuildFile; fileRef = A15A61C219A23105006B1551 /* NSView+Geometry.m */; };
		A15A61C619A23E9E006B1551 /* CMAClient+SharedClient.m in Sources */ = {isa = PBXBuildFile; fileRef = A15A61C519A23E9E006B1551 /* CMAClient+SharedClient.m */; };
		A19FB0D119A342F900A5659C /* select-all.png in Resources */ = {isa = PBXBuildFile; fileRef = A19FB0D019A342F900A5659C /* select-all.png */; };
		A19FB0D419A3445500A5659C /* BBUMenuViewController.m in Sources */ = {isa = PBXBuildFile; fileRef = A19FB0D319A3445500A5659C /* BBUMenuViewController.m */; };
		A19FB0D719A347BE00A5659C /* BBUMenuCell.m in Sources */ = {isa = PBXBuildFile; fileRef = A19FB0D619A347BE00A5659C /* BBUMenuCell.m */; };
		A1B91A1B19AF1B66005F99F3 /* select-all@2x.png in Resources */ = {isa = PBXBuildFile; fileRef = A1B91A1A19AF1B66005F99F3 /* select-all@2x.png */; };
		A1B91A2119AF4FB5005F99F3 /* failure@2x.png in Resources */ = {isa = PBXBuildFile; fileRef = A1B91A1F19AF4FB5005F99F3 /* failure@2x.png */; };
		A1B91A2219AF4FB5005F99F3 /* success@2x.png in Resources */ = {isa = PBXBuildFile; fileRef = A1B91A2019AF4FB5005F99F3 /* success@2x.png */; };
		A1CCBD8219BF259300878BF9 /* BBUS3SettingsViewController.m in Sources */ = {isa = PBXBuildFile; fileRef = A1CCBD8019BF259300878BF9 /* BBUS3SettingsViewController.m */; };
		A1CCBD8319BF259300878BF9 /* BBUS3SettingsViewController.xib in Resources */ = {isa = PBXBuildFile; fileRef = A1CCBD8119BF259300878BF9 /* BBUS3SettingsViewController.xib */; };
		A1D10C2219B5B46F009CA6CA /* close.png in Resources */ = {isa = PBXBuildFile; fileRef = A1D10C2019B5B46F009CA6CA /* close.png */; };
		A1D10C2319B5B46F009CA6CA /* close@2x.png in Resources */ = {isa = PBXBuildFile; fileRef = A1D10C2119B5B46F009CA6CA /* close@2x.png */; };
		A1D10C2619B5C103009CA6CA /* BBUHelpView.m in Sources */ = {isa = PBXBuildFile; fileRef = A1D10C2519B5C103009CA6CA /* BBUHelpView.m */; };
		A1D10C2819B5C23F009CA6CA /* contentful_logo_big.png in Resources */ = {isa = PBXBuildFile; fileRef = A1D10C2719B5C23F009CA6CA /* contentful_logo_big.png */; };
		A1D4A7E2199BED850021EEA6 /* Cocoa.framework in Frameworks */ = {isa = PBXBuildFile; fileRef = A1D4A7E1199BED850021EEA6 /* Cocoa.framework */; };
		A1D4A7EE199BED850021EEA6 /* main.m in Sources */ = {isa = PBXBuildFile; fileRef = A1D4A7ED199BED850021EEA6 /* main.m */; };
		A1D4A7F5199BED850021EEA6 /* BBUAppDelegate.m in Sources */ = {isa = PBXBuildFile; fileRef = A1D4A7F4199BED850021EEA6 /* BBUAppDelegate.m */; };
		A1D4A7FA199BED850021EEA6 /* Images.xcassets in Resources */ = {isa = PBXBuildFile; fileRef = A1D4A7F9199BED850021EEA6 /* Images.xcassets */; };
		A1D4A817199BEE8E0021EEA6 /* Credits.rtf in Resources */ = {isa = PBXBuildFile; fileRef = A1D4A816199BEE8E0021EEA6 /* Credits.rtf */; };
		A1D4A819199BEE970021EEA6 /* MainMenu.xib in Resources */ = {isa = PBXBuildFile; fileRef = A1D4A818199BEE970021EEA6 /* MainMenu.xib */; };
		A1D5AC4119C0721C00C86F53 /* BBUS3Uploader+SharedSettings.m in Sources */ = {isa = PBXBuildFile; fileRef = A1D5AC4019C0721C00C86F53 /* BBUS3Uploader+SharedSettings.m */; };
		A1EF194E199CA00C00AE864E /* BBUImageViewController.m in Sources */ = {isa = PBXBuildFile; fileRef = A1EF194D199CA00C00AE864E /* BBUImageViewController.m */; };
		A1EF1951199CA50A00AE864E /* BBUImageCell.m in Sources */ = {isa = PBXBuildFile; fileRef = A1EF1950199CA50A00AE864E /* BBUImageCell.m */; };
		A1F35BD219A6262D00654922 /* BBUAssetUploadOperation.m in Sources */ = {isa = PBXBuildFile; fileRef = A1F35BD119A6262D00654922 /* BBUAssetUploadOperation.m */; };
		A1F834DA19A2033300282AE9 /* BBUCollectionView.m in Sources */ = {isa = PBXBuildFile; fileRef = A1F834D919A2033300282AE9 /* BBUCollectionView.m */; };
		A23D4E3A868943879EE69000 /* libPods-image-uploader.a in Frameworks */ = {isa = PBXBuildFile; fileRef = 79302297BDDD4879A2F47997 /* libPods-image-uploader.a */; };
/* End PBXBuildFile section */

/* Begin PBXCopyFilesBuildPhase section */
		A12039C519AE357F0097871C /* Embed Frameworks */ = {
			isa = PBXCopyFilesBuildPhase;
			buildActionMask = 2147483647;
			dstPath = "";
			dstSubfolderSpec = 10;
			files = (
				A12039C419AE357F0097871C /* Realm.framework in Embed Frameworks */,
			);
			name = "Embed Frameworks";
			runOnlyForDeploymentPostprocessing = 0;
		};
/* End PBXCopyFilesBuildPhase section */

/* Begin PBXFileReference section */
		79302297BDDD4879A2F47997 /* libPods-image-uploader.a */ = {isa = PBXFileReference; explicitFileType = archive.ar; includeInIndex = 0; path = "libPods-image-uploader.a"; sourceTree = BUILT_PRODUCTS_DIR; };
		98581CCF0555076D88902C1F /* Pods-image-uploader.debug.xcconfig */ = {isa = PBXFileReference; includeInIndex = 1; lastKnownFileType = text.xcconfig; name = "Pods-image-uploader.debug.xcconfig"; path = "Pods/Target Support Files/Pods-image-uploader/Pods-image-uploader.debug.xcconfig"; sourceTree = "<group>"; };
		A10F7FC219C7398B00CF8AEC /* BBUUserInfoView.h */ = {isa = PBXFileReference; fileEncoding = 4; lastKnownFileType = sourcecode.c.h; path = BBUUserInfoView.h; sourceTree = "<group>"; };
		A10F7FC319C7398B00CF8AEC /* BBUUserInfoView.m */ = {isa = PBXFileReference; fileEncoding = 4; lastKnownFileType = sourcecode.c.objc; path = BBUUserInfoView.m; sourceTree = "<group>"; };
		A10FC6D319AE11BB00C45BA3 /* success.png */ = {isa = PBXFileReference; lastKnownFileType = image.png; path = success.png; sourceTree = "<group>"; };
		A10FC6D519AE11D600C45BA3 /* failure.png */ = {isa = PBXFileReference; lastKnownFileType = image.png; path = failure.png; sourceTree = "<group>"; };
		A10FC71319AE324400C45BA3 /* Realm.framework */ = {isa = PBXFileReference; lastKnownFileType = wrapper.framework; name = Realm.framework; path = "Pods/Realm/realm-cocoapods-0.83.0/osx/Realm.framework"; sourceTree = "<group>"; };
		A15A61BE19A222AA006B1551 /* BBUDraggedFile.h */ = {isa = PBXFileReference; fileEncoding = 4; lastKnownFileType = sourcecode.c.h; path = BBUDraggedFile.h; sourceTree = "<group>"; };
		A15A61BF19A222AA006B1551 /* BBUDraggedFile.m */ = {isa = PBXFileReference; fileEncoding = 4; lastKnownFileType = sourcecode.c.objc; path = BBUDraggedFile.m; sourceTree = "<group>"; };
		A15A61C119A23105006B1551 /* NSView+Geometry.h */ = {isa = PBXFileReference; fileEncoding = 4; lastKnownFileType = sourcecode.c.h; path = "NSView+Geometry.h"; sourceTree = "<group>"; };
		A15A61C219A23105006B1551 /* NSView+Geometry.m */ = {isa = PBXFileReference; fileEncoding = 4; lastKnownFileType = sourcecode.c.objc; path = "NSView+Geometry.m"; sourceTree = "<group>"; };
		A15A61C419A23E9E006B1551 /* CMAClient+SharedClient.h */ = {isa = PBXFileReference; fileEncoding = 4; lastKnownFileType = sourcecode.c.h; path = "CMAClient+SharedClient.h"; sourceTree = "<group>"; };
		A15A61C519A23E9E006B1551 /* CMAClient+SharedClient.m */ = {isa = PBXFileReference; fileEncoding = 4; lastKnownFileType = sourcecode.c.objc; path = "CMAClient+SharedClient.m"; sourceTree = "<group>"; };
		A19FB0D019A342F900A5659C /* select-all.png */ = {isa = PBXFileReference; lastKnownFileType = image.png; path = "select-all.png"; sourceTree = "<group>"; };
		A19FB0D219A3445500A5659C /* BBUMenuViewController.h */ = {isa = PBXFileReference; fileEncoding = 4; lastKnownFileType = sourcecode.c.h; path = BBUMenuViewController.h; sourceTree = "<group>"; };
		A19FB0D319A3445500A5659C /* BBUMenuViewController.m */ = {isa = PBXFileReference; fileEncoding = 4; lastKnownFileType = sourcecode.c.objc; path = BBUMenuViewController.m; sourceTree = "<group>"; };
		A19FB0D519A347BE00A5659C /* BBUMenuCell.h */ = {isa = PBXFileReference; fileEncoding = 4; lastKnownFileType = sourcecode.c.h; path = BBUMenuCell.h; sourceTree = "<group>"; };
		A19FB0D619A347BE00A5659C /* BBUMenuCell.m */ = {isa = PBXFileReference; fileEncoding = 4; lastKnownFileType = sourcecode.c.objc; path = BBUMenuCell.m; sourceTree = "<group>"; };
		A1B91A1A19AF1B66005F99F3 /* select-all@2x.png */ = {isa = PBXFileReference; lastKnownFileType = image.png; path = "select-all@2x.png"; sourceTree = "<group>"; };
		A1B91A1F19AF4FB5005F99F3 /* failure@2x.png */ = {isa = PBXFileReference; lastKnownFileType = image.png; path = "failure@2x.png"; sourceTree = "<group>"; };
		A1B91A2019AF4FB5005F99F3 /* success@2x.png */ = {isa = PBXFileReference; lastKnownFileType = image.png; path = "success@2x.png"; sourceTree = "<group>"; };
		A1CCBD7F19BF259300878BF9 /* BBUS3SettingsViewController.h */ = {isa = PBXFileReference; fileEncoding = 4; lastKnownFileType = sourcecode.c.h; path = BBUS3SettingsViewController.h; sourceTree = "<group>"; };
		A1CCBD8019BF259300878BF9 /* BBUS3SettingsViewController.m */ = {isa = PBXFileReference; fileEncoding = 4; lastKnownFileType = sourcecode.c.objc; path = BBUS3SettingsViewController.m; sourceTree = "<group>"; };
		A1CCBD8119BF259300878BF9 /* BBUS3SettingsViewController.xib */ = {isa = PBXFileReference; fileEncoding = 4; lastKnownFileType = file.xib; name = BBUS3SettingsViewController.xib; path = ../Code/BBUS3SettingsViewController.xib; sourceTree = "<group>"; };
		A1D10C2019B5B46F009CA6CA /* close.png */ = {isa = PBXFileReference; lastKnownFileType = image.png; path = close.png; sourceTree = "<group>"; };
		A1D10C2119B5B46F009CA6CA /* close@2x.png */ = {isa = PBXFileReference; lastKnownFileType = image.png; path = "close@2x.png"; sourceTree = "<group>"; };
		A1D10C2419B5C103009CA6CA /* BBUHelpView.h */ = {isa = PBXFileReference; fileEncoding = 4; lastKnownFileType = sourcecode.c.h; path = BBUHelpView.h; sourceTree = "<group>"; };
		A1D10C2519B5C103009CA6CA /* BBUHelpView.m */ = {isa = PBXFileReference; fileEncoding = 4; lastKnownFileType = sourcecode.c.objc; path = BBUHelpView.m; sourceTree = "<group>"; };
		A1D10C2719B5C23F009CA6CA /* contentful_logo_big.png */ = {isa = PBXFileReference; lastKnownFileType = image.png; path = contentful_logo_big.png; sourceTree = "<group>"; };
		A1D4A7DE199BED850021EEA6 /* image-uploader.app */ = {isa = PBXFileReference; explicitFileType = wrapper.application; includeInIndex = 0; path = "image-uploader.app"; sourceTree = BUILT_PRODUCTS_DIR; };
		A1D4A7E1199BED850021EEA6 /* Cocoa.framework */ = {isa = PBXFileReference; lastKnownFileType = wrapper.framework; name = Cocoa.framework; path = System/Library/Frameworks/Cocoa.framework; sourceTree = SDKROOT; };
		A1D4A7E4199BED850021EEA6 /* AppKit.framework */ = {isa = PBXFileReference; lastKnownFileType = wrapper.framework; name = AppKit.framework; path = System/Library/Frameworks/AppKit.framework; sourceTree = SDKROOT; };
		A1D4A7E6199BED850021EEA6 /* Foundation.framework */ = {isa = PBXFileReference; lastKnownFileType = wrapper.framework; name = Foundation.framework; path = System/Library/Frameworks/Foundation.framework; sourceTree = SDKROOT; };
		A1D4A7E9199BED850021EEA6 /* image-uploader-Info.plist */ = {isa = PBXFileReference; lastKnownFileType = text.plist.xml; path = "image-uploader-Info.plist"; sourceTree = "<group>"; };
		A1D4A7ED199BED850021EEA6 /* main.m */ = {isa = PBXFileReference; lastKnownFileType = sourcecode.c.objc; path = main.m; sourceTree = "<group>"; };
		A1D4A7EF199BED850021EEA6 /* image-uploader-Prefix.pch */ = {isa = PBXFileReference; lastKnownFileType = sourcecode.c.h; path = "image-uploader-Prefix.pch"; sourceTree = "<group>"; };
		A1D4A7F3199BED850021EEA6 /* BBUAppDelegate.h */ = {isa = PBXFileReference; lastKnownFileType = sourcecode.c.h; path = BBUAppDelegate.h; sourceTree = "<group>"; };
		A1D4A7F4199BED850021EEA6 /* BBUAppDelegate.m */ = {isa = PBXFileReference; lastKnownFileType = sourcecode.c.objc; path = BBUAppDelegate.m; sourceTree = "<group>"; };
		A1D4A7F9199BED850021EEA6 /* Images.xcassets */ = {isa = PBXFileReference; lastKnownFileType = folder.assetcatalog; path = Images.xcassets; sourceTree = "<group>"; };
		A1D4A816199BEE8E0021EEA6 /* Credits.rtf */ = {isa = PBXFileReference; fileEncoding = 4; lastKnownFileType = text.rtf; path = Credits.rtf; sourceTree = "<group>"; };
		A1D4A818199BEE970021EEA6 /* MainMenu.xib */ = {isa = PBXFileReference; fileEncoding = 4; lastKnownFileType = file.xib; path = MainMenu.xib; sourceTree = "<group>"; };
		A1D5AC3F19C0721C00C86F53 /* BBUS3Uploader+SharedSettings.h */ = {isa = PBXFileReference; fileEncoding = 4; lastKnownFileType = sourcecode.c.h; path = "BBUS3Uploader+SharedSettings.h"; sourceTree = "<group>"; };
		A1D5AC4019C0721C00C86F53 /* BBUS3Uploader+SharedSettings.m */ = {isa = PBXFileReference; fileEncoding = 4; lastKnownFileType = sourcecode.c.objc; path = "BBUS3Uploader+SharedSettings.m"; sourceTree = "<group>"; };
		A1EF194C199CA00C00AE864E /* BBUImageViewController.h */ = {isa = PBXFileReference; fileEncoding = 4; lastKnownFileType = sourcecode.c.h; path = BBUImageViewController.h; sourceTree = "<group>"; };
		A1EF194D199CA00C00AE864E /* BBUImageViewController.m */ = {isa = PBXFileReference; fileEncoding = 4; lastKnownFileType = sourcecode.c.objc; path = BBUImageViewController.m; sourceTree = "<group>"; };
		A1EF194F199CA50A00AE864E /* BBUImageCell.h */ = {isa = PBXFileReference; fileEncoding = 4; lastKnownFileType = sourcecode.c.h; path = BBUImageCell.h; sourceTree = "<group>"; };
		A1EF1950199CA50A00AE864E /* BBUImageCell.m */ = {isa = PBXFileReference; fileEncoding = 4; lastKnownFileType = sourcecode.c.objc; path = BBUImageCell.m; sourceTree = "<group>"; };
		A1F35BD019A6262D00654922 /* BBUAssetUploadOperation.h */ = {isa = PBXFileReference; fileEncoding = 4; lastKnownFileType = sourcecode.c.h; path = BBUAssetUploadOperation.h; sourceTree = "<group>"; };
		A1F35BD119A6262D00654922 /* BBUAssetUploadOperation.m */ = {isa = PBXFileReference; fileEncoding = 4; lastKnownFileType = sourcecode.c.objc; path = BBUAssetUploadOperation.m; sourceTree = "<group>"; };
		A1F834D819A2033300282AE9 /* BBUCollectionView.h */ = {isa = PBXFileReference; fileEncoding = 4; lastKnownFileType = sourcecode.c.h; path = BBUCollectionView.h; sourceTree = "<group>"; };
		A1F834D919A2033300282AE9 /* BBUCollectionView.m */ = {isa = PBXFileReference; fileEncoding = 4; lastKnownFileType = sourcecode.c.objc; path = BBUCollectionView.m; sourceTree = "<group>"; };
		A9926F5FCE44C8E870467B0B /* Pods-image-uploader.release.xcconfig */ = {isa = PBXFileReference; includeInIndex = 1; lastKnownFileType = text.xcconfig; name = "Pods-image-uploader.release.xcconfig"; path = "Pods/Target Support Files/Pods-image-uploader/Pods-image-uploader.release.xcconfig"; sourceTree = "<group>"; };
/* End PBXFileReference section */

/* Begin PBXFrameworksBuildPhase section */
		A1D4A7DB199BED850021EEA6 /* Frameworks */ = {
			isa = PBXFrameworksBuildPhase;
			buildActionMask = 2147483647;
			files = (
				A10FC71419AE324400C45BA3 /* Realm.framework in Frameworks */,
				A1D4A7E2199BED850021EEA6 /* Cocoa.framework in Frameworks */,
				A23D4E3A868943879EE69000 /* libPods-image-uploader.a in Frameworks */,
			);
			runOnlyForDeploymentPostprocessing = 0;
		};
/* End PBXFrameworksBuildPhase section */

/* Begin PBXGroup section */
		A1B151A919B9AF7400C9C97E /* UI */ = {
			isa = PBXGroup;
			children = (
				A1F834D819A2033300282AE9 /* BBUCollectionView.h */,
				A1F834D919A2033300282AE9 /* BBUCollectionView.m */,
				A1D10C2419B5C103009CA6CA /* BBUHelpView.h */,
				A1D10C2519B5C103009CA6CA /* BBUHelpView.m */,
				A1EF194F199CA50A00AE864E /* BBUImageCell.h */,
				A1EF1950199CA50A00AE864E /* BBUImageCell.m */,
				A1EF194C199CA00C00AE864E /* BBUImageViewController.h */,
				A1EF194D199CA00C00AE864E /* BBUImageViewController.m */,
				A19FB0D519A347BE00A5659C /* BBUMenuCell.h */,
				A19FB0D619A347BE00A5659C /* BBUMenuCell.m */,
				A19FB0D219A3445500A5659C /* BBUMenuViewController.h */,
				A19FB0D319A3445500A5659C /* BBUMenuViewController.m */,
				A1CCBD7F19BF259300878BF9 /* BBUS3SettingsViewController.h */,
				A1CCBD8019BF259300878BF9 /* BBUS3SettingsViewController.m */,
				A10F7FC219C7398B00CF8AEC /* BBUUserInfoView.h */,
				A10F7FC319C7398B00CF8AEC /* BBUUserInfoView.m */,
				A15A61C119A23105006B1551 /* NSView+Geometry.h */,
				A15A61C219A23105006B1551 /* NSView+Geometry.m */,
			);
			name = UI;
			sourceTree = "<group>";
		};
		A1B151AA19B9AFB200C9C97E /* Asset Handling */ = {
			isa = PBXGroup;
			children = (
				A15A61C419A23E9E006B1551 /* CMAClient+SharedClient.h */,
				A15A61C519A23E9E006B1551 /* CMAClient+SharedClient.m */,
				A1F35BD019A6262D00654922 /* BBUAssetUploadOperation.h */,
				A1F35BD119A6262D00654922 /* BBUAssetUploadOperation.m */,
				A15A61BE19A222AA006B1551 /* BBUDraggedFile.h */,
				A15A61BF19A222AA006B1551 /* BBUDraggedFile.m */,
			);
			name = "Asset Handling";
			sourceTree = "<group>";
		};
		A1D4A7D5199BED850021EEA6 = {
			isa = PBXGroup;
			children = (
				A1D4A7E7199BED850021EEA6 /* Code */,
				A1D4A7E0199BED850021EEA6 /* Frameworks */,
				A1D4A7DF199BED850021EEA6 /* Products */,
				A1D4A815199BEDCC0021EEA6 /* Resources */,
				A1D4A7E8199BED850021EEA6 /* Supporting Files */,
				F8D0F218CD2CE0B7DFEB3287 /* Pods */,
			);
			sourceTree = "<group>";
		};
		A1D4A7DF199BED850021EEA6 /* Products */ = {
			isa = PBXGroup;
			children = (
				A1D4A7DE199BED850021EEA6 /* image-uploader.app */,
			);
			name = Products;
			sourceTree = "<group>";
		};
		A1D4A7E0199BED850021EEA6 /* Frameworks */ = {
			isa = PBXGroup;
			children = (
				A1D4A7E4199BED850021EEA6 /* AppKit.framework */,
				A1D4A7E1199BED850021EEA6 /* Cocoa.framework */,
				A1D4A7E6199BED850021EEA6 /* Foundation.framework */,
				A10FC71319AE324400C45BA3 /* Realm.framework */,
				79302297BDDD4879A2F47997 /* libPods-image-uploader.a */,
			);
			name = Frameworks;
			sourceTree = "<group>";
		};
		A1D4A7E7199BED850021EEA6 /* Code */ = {
			isa = PBXGroup;
			children = (
				A1B151AA19B9AFB200C9C97E /* Asset Handling */,
				A1B151A919B9AF7400C9C97E /* UI */,
				A1D5AC4219C0722200C86F53 /* Upload */,
				A1D4A7F3199BED850021EEA6 /* BBUAppDelegate.h */,
				A1D4A7F4199BED850021EEA6 /* BBUAppDelegate.m */,
			);
			path = Code;
			sourceTree = "<group>";
		};
		A1D4A7E8199BED850021EEA6 /* Supporting Files */ = {
			isa = PBXGroup;
			children = (
				A1D4A816199BEE8E0021EEA6 /* Credits.rtf */,
				A1D4A7E9199BED850021EEA6 /* image-uploader-Info.plist */,
				A1D4A7EF199BED850021EEA6 /* image-uploader-Prefix.pch */,
				A1D4A7ED199BED850021EEA6 /* main.m */,
			);
			path = "Supporting Files";
			sourceTree = "<group>";
		};
		A1D4A815199BEDCC0021EEA6 /* Resources */ = {
			isa = PBXGroup;
			children = (
				A1CCBD8119BF259300878BF9 /* BBUS3SettingsViewController.xib */,
				A1D10C2019B5B46F009CA6CA /* close.png */,
				A1D10C2119B5B46F009CA6CA /* close@2x.png */,
				A1D10C2719B5C23F009CA6CA /* contentful_logo_big.png */,
				A10FC6D519AE11D600C45BA3 /* failure.png */,
				A1B91A1F19AF4FB5005F99F3 /* failure@2x.png */,
				A1D4A7F9199BED850021EEA6 /* Images.xcassets */,
				A1D4A818199BEE970021EEA6 /* MainMenu.xib */,
				A19FB0D019A342F900A5659C /* select-all.png */,
				A1B91A1A19AF1B66005F99F3 /* select-all@2x.png */,
				A10FC6D319AE11BB00C45BA3 /* success.png */,
				A1B91A2019AF4FB5005F99F3 /* success@2x.png */,
			);
			path = Resources;
			sourceTree = "<group>";
		};
		A1D5AC4219C0722200C86F53 /* Upload */ = {
			isa = PBXGroup;
			children = (
				A1D5AC3F19C0721C00C86F53 /* BBUS3Uploader+SharedSettings.h */,
				A1D5AC4019C0721C00C86F53 /* BBUS3Uploader+SharedSettings.m */,
			);
			name = Upload;
			sourceTree = "<group>";
		};
		F8D0F218CD2CE0B7DFEB3287 /* Pods */ = {
			isa = PBXGroup;
			children = (
				98581CCF0555076D88902C1F /* Pods-image-uploader.debug.xcconfig */,
				A9926F5FCE44C8E870467B0B /* Pods-image-uploader.release.xcconfig */,
			);
			name = Pods;
			sourceTree = "<group>";
		};
/* End PBXGroup section */

/* Begin PBXNativeTarget section */
		A1D4A7DD199BED850021EEA6 /* image-uploader */ = {
			isa = PBXNativeTarget;
			buildConfigurationList = A1D4A80F199BED850021EEA6 /* Build configuration list for PBXNativeTarget "image-uploader" */;
			buildPhases = (
				4E1B7F0C9A764020962CB936 /* Check Pods Manifest.lock */,
				A1D4A7DA199BED850021EEA6 /* Sources */,
				A1D4A7DB199BED850021EEA6 /* Frameworks */,
				A1D4A7DC199BED850021EEA6 /* Resources */,
				251A6A48004640E59EF0B99C /* Copy Pods Resources */,
				A10FC6D719AE1E0200C45BA3 /* Show FIXMEs and TODOs */,
				A12039C519AE357F0097871C /* Embed Frameworks */,
			);
			buildRules = (
			);
			dependencies = (
			);
			name = "image-uploader";
			productName = "image-uploader";
			productReference = A1D4A7DE199BED850021EEA6 /* image-uploader.app */;
			productType = "com.apple.product-type.application";
		};
/* End PBXNativeTarget section */

/* Begin PBXProject section */
		A1D4A7D6199BED850021EEA6 /* Project object */ = {
			isa = PBXProject;
			attributes = {
				CLASSPREFIX = BBU;
				LastUpgradeCheck = 0600;
				ORGANIZATIONNAME = "Contentful GmbH";
			};
			buildConfigurationList = A1D4A7D9199BED850021EEA6 /* Build configuration list for PBXProject "image-uploader" */;
			compatibilityVersion = "Xcode 3.2";
			developmentRegion = English;
			hasScannedForEncodings = 0;
			knownRegions = (
				en,
				Base,
			);
			mainGroup = A1D4A7D5199BED850021EEA6;
			productRefGroup = A1D4A7DF199BED850021EEA6 /* Products */;
			projectDirPath = "";
			projectRoot = "";
			targets = (
				A1D4A7DD199BED850021EEA6 /* image-uploader */,
			);
		};
/* End PBXProject section */

/* Begin PBXResourcesBuildPhase section */
		A1D4A7DC199BED850021EEA6 /* Resources */ = {
			isa = PBXResourcesBuildPhase;
			buildActionMask = 2147483647;
			files = (
				A1D10C2819B5C23F009CA6CA /* contentful_logo_big.png in Resources */,
				A10FC6D419AE11BB00C45BA3 /* success.png in Resources */,
				A1D4A7FA199BED850021EEA6 /* Images.xcassets in Resources */,
				A1D4A817199BEE8E0021EEA6 /* Credits.rtf in Resources */,
				A1B91A2119AF4FB5005F99F3 /* failure@2x.png in Resources */,
				A1D4A819199BEE970021EEA6 /* MainMenu.xib in Resources */,
				A1B91A2219AF4FB5005F99F3 /* success@2x.png in Resources */,
				A10FC6D619AE11D600C45BA3 /* failure.png in Resources */,
				A1B91A1B19AF1B66005F99F3 /* select-all@2x.png in Resources */,
				A1D10C2219B5B46F009CA6CA /* close.png in Resources */,
				A19FB0D119A342F900A5659C /* select-all.png in Resources */,
				A1CCBD8319BF259300878BF9 /* BBUS3SettingsViewController.xib in Resources */,
				A1D10C2319B5B46F009CA6CA /* close@2x.png in Resources */,
			);
			runOnlyForDeploymentPostprocessing = 0;
		};
/* End PBXResourcesBuildPhase section */

/* Begin PBXShellScriptBuildPhase section */
		251A6A48004640E59EF0B99C /* Copy Pods Resources */ = {
			isa = PBXShellScriptBuildPhase;
			buildActionMask = 2147483647;
			files = (
			);
			inputPaths = (
			);
			name = "Copy Pods Resources";
			outputPaths = (
			);
			runOnlyForDeploymentPostprocessing = 0;
			shellPath = /bin/sh;
			shellScript = "\"${SRCROOT}/Pods/Target Support Files/Pods-image-uploader/Pods-image-uploader-resources.sh\"\n";
			showEnvVarsInLog = 0;
		};
		4E1B7F0C9A764020962CB936 /* Check Pods Manifest.lock */ = {
			isa = PBXShellScriptBuildPhase;
			buildActionMask = 2147483647;
			files = (
			);
			inputPaths = (
			);
			name = "Check Pods Manifest.lock";
			outputPaths = (
			);
			runOnlyForDeploymentPostprocessing = 0;
			shellPath = /bin/sh;
			shellScript = "diff \"${PODS_ROOT}/../Podfile.lock\" \"${PODS_ROOT}/Manifest.lock\" > /dev/null\nif [[ $? != 0 ]] ; then\n    cat << EOM\nerror: The sandbox is not in sync with the Podfile.lock. Run 'pod install' or update your CocoaPods installation.\nEOM\n    exit 1\nfi\n";
			showEnvVarsInLog = 0;
		};
		A10FC6D719AE1E0200C45BA3 /* Show FIXMEs and TODOs */ = {
			isa = PBXShellScriptBuildPhase;
			buildActionMask = 2147483647;
			files = (
			);
			inputPaths = (
			);
			name = "Show FIXMEs and TODOs";
			outputPaths = (
			);
			runOnlyForDeploymentPostprocessing = 0;
			shellPath = /bin/sh;
			shellScript = "KEYWORDS=\"TODO:|FIXME:|\\?\\?\\?:|\\!\\!\\!:\"\nfind \"${SRCROOT}\" \\( -name \"*.h\" -or -name \"*.m\" \\) -print0 | xargs -0 egrep --with-filename --line-number --only-matching \"($KEYWORDS).*\\$\" | grep -v '/Pods/' | perl -p -e \"s/($KEYWORDS)/ warning: \\$1/\"";
		};
/* End PBXShellScriptBuildPhase section */

/* Begin PBXSourcesBuildPhase section */
		A1D4A7DA199BED850021EEA6 /* Sources */ = {
			isa = PBXSourcesBuildPhase;
			buildActionMask = 2147483647;
			files = (
				A1D4A7F5199BED850021EEA6 /* BBUAppDelegate.m in Sources */,
				A15A61C319A23105006B1551 /* NSView+Geometry.m in Sources */,
				A1EF1951199CA50A00AE864E /* BBUImageCell.m in Sources */,
				A15A61C019A222AA006B1551 /* BBUDraggedFile.m in Sources */,
				A15A61C619A23E9E006B1551 /* CMAClient+SharedClient.m in Sources */,
				A1CCBD8219BF259300878BF9 /* BBUS3SettingsViewController.m in Sources */,
				A1D10C2619B5C103009CA6CA /* BBUHelpView.m in Sources */,
				A19FB0D419A3445500A5659C /* BBUMenuViewController.m in Sources */,
				A10F7FC419C7398B00CF8AEC /* BBUUserInfoView.m in Sources */,
				A19FB0D719A347BE00A5659C /* BBUMenuCell.m in Sources */,
				A1F35BD219A6262D00654922 /* BBUAssetUploadOperation.m in Sources */,
				A1EF194E199CA00C00AE864E /* BBUImageViewController.m in Sources */,
				A1D5AC4119C0721C00C86F53 /* BBUS3Uploader+SharedSettings.m in Sources */,
				A1D4A7EE199BED850021EEA6 /* main.m in Sources */,
				A1F834DA19A2033300282AE9 /* BBUCollectionView.m in Sources */,
			);
			runOnlyForDeploymentPostprocessing = 0;
		};
/* End PBXSourcesBuildPhase section */

/* Begin XCBuildConfiguration section */
		A1D4A80D199BED850021EEA6 /* Debug */ = {
			isa = XCBuildConfiguration;
			buildSettings = {
				ALWAYS_SEARCH_USER_PATHS = NO;
				CLANG_CXX_LANGUAGE_STANDARD = "gnu++0x";
				CLANG_CXX_LIBRARY = "libc++";
				CLANG_ENABLE_MODULES = YES;
				CLANG_ENABLE_OBJC_ARC = YES;
				CLANG_WARN_BOOL_CONVERSION = YES;
				CLANG_WARN_CONSTANT_CONVERSION = YES;
				CLANG_WARN_DIRECT_OBJC_ISA_USAGE = YES_ERROR;
				CLANG_WARN_EMPTY_BODY = YES;
				CLANG_WARN_ENUM_CONVERSION = YES;
				CLANG_WARN_INT_CONVERSION = YES;
				CLANG_WARN_OBJC_ROOT_CLASS = YES_ERROR;
				CLANG_WARN__DUPLICATE_METHOD_MATCH = YES;
				COPY_PHASE_STRIP = NO;
				GCC_C_LANGUAGE_STANDARD = gnu99;
				GCC_DYNAMIC_NO_PIC = NO;
				GCC_ENABLE_OBJC_EXCEPTIONS = YES;
				GCC_OPTIMIZATION_LEVEL = 0;
				GCC_PREPROCESSOR_DEFINITIONS = (
					"DEBUG=1",
					"$(inherited)",
				);
				GCC_SYMBOLS_PRIVATE_EXTERN = NO;
				GCC_TREAT_WARNINGS_AS_ERRORS = YES;
				GCC_WARN_64_TO_32_BIT_CONVERSION = YES;
				GCC_WARN_ABOUT_RETURN_TYPE = YES_ERROR;
				GCC_WARN_UNDECLARED_SELECTOR = YES;
				GCC_WARN_UNINITIALIZED_AUTOS = YES_AGGRESSIVE;
				GCC_WARN_UNUSED_FUNCTION = YES;
				GCC_WARN_UNUSED_VARIABLE = YES;
				MACOSX_DEPLOYMENT_TARGET = 10.9;
				ONLY_ACTIVE_ARCH = YES;
				SDKROOT = macosx;
			};
			name = Debug;
		};
		A1D4A80E199BED850021EEA6 /* Release */ = {
			isa = XCBuildConfiguration;
			buildSettings = {
				ALWAYS_SEARCH_USER_PATHS = NO;
				CLANG_CXX_LANGUAGE_STANDARD = "gnu++0x";
				CLANG_CXX_LIBRARY = "libc++";
				CLANG_ENABLE_MODULES = YES;
				CLANG_ENABLE_OBJC_ARC = YES;
				CLANG_WARN_BOOL_CONVERSION = YES;
				CLANG_WARN_CONSTANT_CONVERSION = YES;
				CLANG_WARN_DIRECT_OBJC_ISA_USAGE = YES_ERROR;
				CLANG_WARN_EMPTY_BODY = YES;
				CLANG_WARN_ENUM_CONVERSION = YES;
				CLANG_WARN_INT_CONVERSION = YES;
				CLANG_WARN_OBJC_ROOT_CLASS = YES_ERROR;
				CLANG_WARN__DUPLICATE_METHOD_MATCH = YES;
				COPY_PHASE_STRIP = YES;
				DEBUG_INFORMATION_FORMAT = "dwarf-with-dsym";
				ENABLE_NS_ASSERTIONS = NO;
				GCC_C_LANGUAGE_STANDARD = gnu99;
				GCC_ENABLE_OBJC_EXCEPTIONS = YES;
				GCC_TREAT_WARNINGS_AS_ERRORS = YES;
				GCC_WARN_64_TO_32_BIT_CONVERSION = YES;
				GCC_WARN_ABOUT_RETURN_TYPE = YES_ERROR;
				GCC_WARN_UNDECLARED_SELECTOR = YES;
				GCC_WARN_UNINITIALIZED_AUTOS = YES_AGGRESSIVE;
				GCC_WARN_UNUSED_FUNCTION = YES;
				GCC_WARN_UNUSED_VARIABLE = YES;
				MACOSX_DEPLOYMENT_TARGET = 10.9;
				SDKROOT = macosx;
			};
			name = Release;
		};
		A1D4A810199BED850021EEA6 /* Debug */ = {
			isa = XCBuildConfiguration;
			baseConfigurationReference = 98581CCF0555076D88902C1F /* Pods-image-uploader.debug.xcconfig */;
			buildSettings = {
				ASSETCATALOG_COMPILER_APPICON_NAME = AppIcon;
				COMBINE_HIDPI_IMAGES = YES;
				FRAMEWORK_SEARCH_PATHS = (
					"$(inherited)",
					"$(PROJECT_DIR)/Pods/Realm/realm-cocoapods-0.83.0/osx",
				);
				GCC_PRECOMPILE_PREFIX_HEADER = YES;
				GCC_PREFIX_HEADER = "Supporting Files/image-uploader-Prefix.pch";
				INFOPLIST_FILE = "Supporting Files/image-uploader-Info.plist";
				LD_RUNPATH_SEARCH_PATHS = "$(inherited) @executable_path/../Frameworks";
				PRODUCT_NAME = "$(TARGET_NAME)";
				WRAPPER_EXTENSION = app;
			};
			name = Debug;
		};
		A1D4A811199BED850021EEA6 /* Release */ = {
			isa = XCBuildConfiguration;
			baseConfigurationReference = A9926F5FCE44C8E870467B0B /* Pods-image-uploader.release.xcconfig */;
			buildSettings = {
				ASSETCATALOG_COMPILER_APPICON_NAME = AppIcon;
				COMBINE_HIDPI_IMAGES = YES;
				FRAMEWORK_SEARCH_PATHS = (
					"$(inherited)",
					"$(PROJECT_DIR)/Pods/Realm/realm-cocoapods-0.83.0/osx",
				);
				GCC_PRECOMPILE_PREFIX_HEADER = YES;
				GCC_PREFIX_HEADER = "Supporting Files/image-uploader-Prefix.pch";
				INFOPLIST_FILE = "Supporting Files/image-uploader-Info.plist";
				LD_RUNPATH_SEARCH_PATHS = "$(inherited) @executable_path/../Frameworks";
				PRODUCT_NAME = "$(TARGET_NAME)";
				WRAPPER_EXTENSION = app;
			};
			name = Release;
		};
/* End XCBuildConfiguration section */

/* Begin XCConfigurationList section */
		A1D4A7D9199BED850021EEA6 /* Build configuration list for PBXProject "image-uploader" */ = {
			isa = XCConfigurationList;
			buildConfigurations = (
				A1D4A80D199BED850021EEA6 /* Debug */,
				A1D4A80E199BED850021EEA6 /* Release */,
			);
			defaultConfigurationIsVisible = 0;
			defaultConfigurationName = Release;
		};
		A1D4A80F199BED850021EEA6 /* Build configuration list for PBXNativeTarget "image-uploader" */ = {
			isa = XCConfigurationList;
			buildConfigurations = (
				A1D4A810199BED850021EEA6 /* Debug */,
				A1D4A811199BED850021EEA6 /* Release */,
			);
			defaultConfigurationIsVisible = 0;
			defaultConfigurationName = Release;
		};
/* End XCConfigurationList section */
	};
	rootObject = A1D4A7D6199BED850021EEA6 /* Project object */;
}
