PODS:
  - AFNetworking (2.3.1):
    - AFNetworking/NSURLConnection
    - AFNetworking/NSURLSession
    - AFNetworking/Reachability
    - AFNetworking/Security
    - AFNetworking/Serialization
    - AFNetworking/UIKit
  - AFNetworking/NSURLConnection (2.3.1):
    - AFNetworking/Reachability
    - AFNetworking/Security
    - AFNetworking/Serialization
  - AFNetworking/NSURLSession (2.3.1):
    - AFNetworking/Reachability
    - AFNetworking/Security
    - AFNetworking/Serialization
  - AFNetworking/Reachability (2.3.1)
  - AFNetworking/Security (2.3.1)
  - AFNetworking/Serialization (2.3.1)
  - ContentfulDeliveryAPI (1.4.4):
    - AFNetworking
    - HRCoder
    - ISO8601DateFormatter
  - ContentfulManagementAPI (HEAD based on 0.3.1):
    - ContentfulDeliveryAPI
  - DJProgressHUD (0.0.1)
  - Dropbox-OSX-SDK (1.3.13)
  - FormatterKit (1.7.1):
    - FormatterKit/AddressFormatter
    - FormatterKit/ArrayFormatter
    - FormatterKit/ColorFormatter
    - FormatterKit/LocationFormatter
    - FormatterKit/NameFormatter
    - FormatterKit/OrdinalNumberFormatter
    - FormatterKit/TimeIntervalFormatter
    - FormatterKit/UnitOfInformationFormatter
    - FormatterKit/URLRequestFormatter
  - FormatterKit/AddressFormatter (1.7.1)
  - FormatterKit/ArrayFormatter (1.7.1)
  - FormatterKit/ColorFormatter (1.7.1)
  - FormatterKit/LocationFormatter (1.7.1)
  - FormatterKit/NameFormatter (1.7.1)
  - FormatterKit/OrdinalNumberFormatter (1.7.1)
  - FormatterKit/TimeIntervalFormatter (1.7.1)
  - FormatterKit/UnitOfInformationFormatter (1.7.1)
  - FormatterKit/URLRequestFormatter (1.7.1)
  - HRCoder (1.3.2)
  - IAmUpload (0.2.0):
    - AFNetworking (~> 2.3.1)
  - ISO8601DateFormatter (0.7)
  - JNWCollectionView (1.2):
    - JNWScrollView
  - JNWScrollView (0.1)
  - KVOController (1.0.1)
  - MASPreferences (1.1.2)
  - OCMock (3.1.1)
  - Realm (0.85.0):
    - Realm/Headers
  - Realm/Headers (0.85.0)
  - SSKeychain (1.2.2)

DEPENDENCIES:
  - ContentfulManagementAPI (HEAD)
  - DJProgressHUD (from `vendor/DJProgressHUD.podspec`)
  - Dropbox-OSX-SDK
  - FormatterKit
  - IAmUpload
  - JNWCollectionView
  - KVOController
  - MASPreferences
  - OCMock
  - Realm
  - SSKeychain

EXTERNAL SOURCES:
  DJProgressHUD:
    :podspec: vendor/DJProgressHUD.podspec

SPEC CHECKSUMS:
  AFNetworking: 6d7b76aa5d04c8c37daad3eef4b7e3f2a7620da3
  ContentfulDeliveryAPI: 8a90c97ccd75beebab3d47e29e9647308bcc7024
  ContentfulManagementAPI: c03d420429097b9ed907c80bf2fad3dc0ea32dcc
  DJProgressHUD: 6d8a7a42768beacca4452bd59b1e2663061b7c1d
  Dropbox-OSX-SDK: bbcfc3398fd85874e15959d610cc856d61cc1b32
  FormatterKit: 877ff970af3feb2f602ced0a9420e9fbc25f568c
  HRCoder: 492f8e2e0b69b54842564d4bbeb1c0e151d4f95f
  IAmUpload: 9a42931b9c46c3cd5435260e8fbc06bf6335d352
  ISO8601DateFormatter: 59731cd880cf87e71b4fa95f0d6b713dcbc4cbce
  JNWCollectionView: 879df2734740bdad82806dc381de2090d6c08a58
  JNWScrollView: 1c343fd858ab1d7826f83cb9d6dc0d1753f0bdea
  KVOController: e6ad4a058ab0ceed546802361adb89d322a22cf2
  MASPreferences: 48debf3a161039bb979e617b7416bc07bd879f75
  OCMock: f6cb8c162ab9d5620dddf411282c7b2c0ee78854
  Realm: 01c074b534be68b55ba4228a3b16cf41da7af14d
  SSKeychain: cc48bd3ad24fcd9125adb9e0d23dd50b8bbd08b9

COCOAPODS: 0.34.4
